
Microsoft Visual Studio Solution File, Format Version 12.00
# Visual Studio Version 17
VisualStudioVersion = 17.11.35312.102
MinimumVisualStudioVersion = 15.0.26124.0
Project("{9A19103F-16F7-4668-BE54-9A1E7A4F7556}") = "TheWheel.OpenXml", "TheWheel.OpenXml\TheWheel.OpenXml.csproj", "{1C14A3C9-95EF-48C9-9704-08F5643BAC46}"
EndProject
Project("{9A19103F-16F7-4668-BE54-9A1E7A4F7556}") = "TheWheel.Domain", "TheWheel.Domain\TheWheel.Domain.csproj", "{CA8087B1-050A-415A-9035-ABB5790F5831}"
EndProject
Project("{9A19103F-16F7-4668-BE54-9A1E7A4F7556}") = "TheWheel.Lambda", "TheWheel.Lambda\TheWheel.Lambda.csproj", "{B11BF68B-D54A-45B5-BFC0-A94A0EA122F2}"
EndProject
Project("{9A19103F-16F7-4668-BE54-9A1E7A4F7556}") = "TheWheel.Services", "TheWheel.Services\TheWheel.Services.csproj", "{C6FEB950-AFAA-4C60-AA15-5905CDF766C8}"
EndProject
Project("{9A19103F-16F7-4668-BE54-9A1E7A4F7556}") = "TheWheel.Tests", "TheWheel.Tests\TheWheel.Tests.csproj", "{0A757074-8A9B-4C2C-8869-0E037EE68DB6}"
EndProject
Project("{9A19103F-16F7-4668-BE54-9A1E7A4F7556}") = "TheWheel.WebApi", "TheWheel.WebApi\TheWheel.WebApi.csproj", "{1D20E2F8-181D-4C30-84C8-7E03001C178E}"
EndProject
Project("{9A19103F-16F7-4668-BE54-9A1E7A4F7556}") = "TheWheel.Dto", "TheWheel.Dto\TheWheel.Dto.csproj", "{8BD3E6C5-3DD1-43E0-830C-E096CCAFF1E6}"
EndProject
Project("{9A19103F-16F7-4668-BE54-9A1E7A4F7556}") = "TheWheel.OpenXml.WebApi", "TheWheel.OpenXml.WebApi\TheWheel.OpenXml.WebApi.csproj", "{6648DD53-3D61-4065-99BC-7FE6F5FFA304}"
EndProject
Project("{9A19103F-16F7-4668-BE54-9A1E7A4F7556}") = "TheWheel.ServiceBus", "TheWheel.ServiceBus\TheWheel.ServiceBus.csproj", "{51A81B47-291E-4FE4-BB3E-F5E26FCB3056}"
EndProject
Project("{9A19103F-16F7-4668-BE54-9A1E7A4F7556}") = "TheWheel.Mail", "TheWheel.Mail\TheWheel.Mail.csproj", "{1665945B-D61A-4AA0-833D-B32ECD09F830}"
EndProject
Project("{9A19103F-16F7-4668-BE54-9A1E7A4F7556}") = "TheWheel.ETL.Contracts", "TheWheel.ETL.Contracts\TheWheel.ETL.Contracts.csproj", "{E24F7C8E-BE52-4E15-94B1-78034FA1FD5B}"
EndProject
Project("{9A19103F-16F7-4668-BE54-9A1E7A4F7556}") = "TheWheel.ETL.Providers", "TheWheel.ETL.Providers\TheWheel.ETL.Providers.csproj", "{64ADCE3E-71F0-4A08-9A56-21E95F090FEB}"
EndProject
Project("{9A19103F-16F7-4668-BE54-9A1E7A4F7556}") = "TheWheel.ETL.Tests", "TheWheel.ETL.Tests\TheWheel.ETL.Tests.csproj", "{142F9ECA-3781-40A0-A3D0-2A22B94BC8BD}"
EndProject
Project("{9A19103F-16F7-4668-BE54-9A1E7A4F7556}") = "TheWheel.ETL.Fluent", "TheWheel.ETL.Fluent\TheWheel.ETL.Fluent.csproj", "{979FA188-503C-43F6-902D-71B84FF761D7}"
EndProject
Project("{9A19103F-16F7-4668-BE54-9A1E7A4F7556}") = "TheWheel.ETL.ControlFlow", "TheWheel.ETL.ControlFlow\TheWheel.ETL.ControlFlow.csproj", "{BE38608F-ACDF-490B-97D8-EB478876F25F}"
EndProject
Project("{9A19103F-16F7-4668-BE54-9A1E7A4F7556}") = "TheWheel.ETL.Owin", "TheWheel.ETL.Owin\TheWheel.ETL.Owin.csproj", "{F5455E0A-83A3-430C-B761-CD37AE2E5178}"
EndProject
Project("{9A19103F-16F7-4668-BE54-9A1E7A4F7556}") = "TheWheel.ETL.DacPac", "TheWheel.ETL.DacPac\TheWheel.ETL.DacPac.csproj", "{B626E2C4-9A4C-437D-BE55-1248B09D5A77}"
EndProject
Project("{9A19103F-16F7-4668-BE54-9A1E7A4F7556}") = "TheWheel.ETL.Snow", "TheWheel.ETL.Snow\TheWheel.ETL.Snow.csproj", "{F9D576C7-D1D8-4CD9-B4C5-DB16D8B1D5D9}"
EndProject
Project("{9A19103F-16F7-4668-BE54-9A1E7A4F7556}") = "TheWheel.ETL.Jira", "TheWheel.ETL.Jira\TheWheel.ETL.Jira.csproj", "{C92F6F5F-D9EF-4980-8685-9583D9CDC64E}"
EndProject
Project("{9A19103F-16F7-4668-BE54-9A1E7A4F7556}") = "TheWheel.ETL.CyberArk", "TheWheel.ETL.CyberArk\TheWheel.ETL.CyberArk.csproj", "{EC28CD22-A855-4DE2-B50D-459637340DF0}"
EndProject
Project("{9A19103F-16F7-4668-BE54-9A1E7A4F7556}") = "TheWheel.ETL.Provider.Mail", "TheWheel.ETL.Provider.Mail\TheWheel.ETL.Provider.Mail.csproj", "{8E8C7D1A-CC85-446E-B032-536B69ADAA32}"
EndProject
Project("{9A19103F-16F7-4668-BE54-9A1E7A4F7556}") = "TheWheel.ETL.Provider.Ldap", "TheWheel.ETL.Provider.Ldap\TheWheel.ETL.Provider.Ldap.csproj", "{092CEA99-7D6E-482D-A45E-B093AD8D88BE}"
EndProject
Project("{2150E333-8FDC-42A3-9474-1A3956D46DE8}") = ".nuget", ".nuget", "{A66F1FFC-3D0E-4A89-88D4-7346692CE25B}"
	ProjectSection(SolutionItems) = preProject
		.nuget\packages.config = .nuget\packages.config
	EndProjectSection
EndProject
Project("{9A19103F-16F7-4668-BE54-9A1E7A4F7556}") = "TheWheel.ETL.Owin.Tests", "TheWheel.ETL.Owin.Tests\TheWheel.ETL.Owin.Tests.csproj", "{19723E05-860D-4759-89DA-6EC134B27C07}"
EndProject
Project("{9A19103F-16F7-4668-BE54-9A1E7A4F7556}") = "TheWheel.ETL.Azure", "TheWheel.ETL.Azure\TheWheel.ETL.Azure.csproj", "{2DF90BFC-2E34-4ACE-927E-9FA1026B775B}"
EndProject
Global
	GlobalSection(SolutionConfigurationPlatforms) = preSolution
		Debug|Any CPU = Debug|Any CPU
		Debug|ARM = Debug|ARM
		Debug|x64 = Debug|x64
		Debug|x86 = Debug|x86
		Release|Any CPU = Release|Any CPU
		Release|ARM = Release|ARM
		Release|x64 = Release|x64
		Release|x86 = Release|x86
	EndGlobalSection
	GlobalSection(ProjectConfigurationPlatforms) = postSolution
		{1C14A3C9-95EF-48C9-9704-08F5643BAC46}.Debug|Any CPU.ActiveCfg = Debug|Any CPU
		{1C14A3C9-95EF-48C9-9704-08F5643BAC46}.Debug|Any CPU.Build.0 = Debug|Any CPU
		{1C14A3C9-95EF-48C9-9704-08F5643BAC46}.Debug|ARM.ActiveCfg = Debug|Any CPU
		{1C14A3C9-95EF-48C9-9704-08F5643BAC46}.Debug|ARM.Build.0 = Debug|Any CPU
		{1C14A3C9-95EF-48C9-9704-08F5643BAC46}.Debug|x64.ActiveCfg = Debug|Any CPU
		{1C14A3C9-95EF-48C9-9704-08F5643BAC46}.Debug|x64.Build.0 = Debug|Any CPU
		{1C14A3C9-95EF-48C9-9704-08F5643BAC46}.Debug|x86.ActiveCfg = Debug|Any CPU
		{1C14A3C9-95EF-48C9-9704-08F5643BAC46}.Debug|x86.Build.0 = Debug|Any CPU
		{1C14A3C9-95EF-48C9-9704-08F5643BAC46}.Release|Any CPU.ActiveCfg = Release|Any CPU
		{1C14A3C9-95EF-48C9-9704-08F5643BAC46}.Release|Any CPU.Build.0 = Release|Any CPU
		{1C14A3C9-95EF-48C9-9704-08F5643BAC46}.Release|ARM.ActiveCfg = Release|Any CPU
		{1C14A3C9-95EF-48C9-9704-08F5643BAC46}.Release|ARM.Build.0 = Release|Any CPU
		{1C14A3C9-95EF-48C9-9704-08F5643BAC46}.Release|x64.ActiveCfg = Release|Any CPU
		{1C14A3C9-95EF-48C9-9704-08F5643BAC46}.Release|x64.Build.0 = Release|Any CPU
		{1C14A3C9-95EF-48C9-9704-08F5643BAC46}.Release|x86.ActiveCfg = Release|Any CPU
		{1C14A3C9-95EF-48C9-9704-08F5643BAC46}.Release|x86.Build.0 = Release|Any CPU
		{CA8087B1-050A-415A-9035-ABB5790F5831}.Debug|Any CPU.ActiveCfg = Debug|Any CPU
		{CA8087B1-050A-415A-9035-ABB5790F5831}.Debug|Any CPU.Build.0 = Debug|Any CPU
		{CA8087B1-050A-415A-9035-ABB5790F5831}.Debug|ARM.ActiveCfg = Debug|Any CPU
		{CA8087B1-050A-415A-9035-ABB5790F5831}.Debug|ARM.Build.0 = Debug|Any CPU
		{CA8087B1-050A-415A-9035-ABB5790F5831}.Debug|x64.ActiveCfg = Debug|Any CPU
		{CA8087B1-050A-415A-9035-ABB5790F5831}.Debug|x64.Build.0 = Debug|Any CPU
		{CA8087B1-050A-415A-9035-ABB5790F5831}.Debug|x86.ActiveCfg = Debug|Any CPU
		{CA8087B1-050A-415A-9035-ABB5790F5831}.Debug|x86.Build.0 = Debug|Any CPU
		{CA8087B1-050A-415A-9035-ABB5790F5831}.Release|Any CPU.ActiveCfg = Release|Any CPU
		{CA8087B1-050A-415A-9035-ABB5790F5831}.Release|Any CPU.Build.0 = Release|Any CPU
		{CA8087B1-050A-415A-9035-ABB5790F5831}.Release|ARM.ActiveCfg = Release|Any CPU
		{CA8087B1-050A-415A-9035-ABB5790F5831}.Release|ARM.Build.0 = Release|Any CPU
		{CA8087B1-050A-415A-9035-ABB5790F5831}.Release|x64.ActiveCfg = Release|Any CPU
		{CA8087B1-050A-415A-9035-ABB5790F5831}.Release|x64.Build.0 = Release|Any CPU
		{CA8087B1-050A-415A-9035-ABB5790F5831}.Release|x86.ActiveCfg = Release|Any CPU
		{CA8087B1-050A-415A-9035-ABB5790F5831}.Release|x86.Build.0 = Release|Any CPU
		{B11BF68B-D54A-45B5-BFC0-A94A0EA122F2}.Debug|Any CPU.ActiveCfg = Debug|Any CPU
		{B11BF68B-D54A-45B5-BFC0-A94A0EA122F2}.Debug|Any CPU.Build.0 = Debug|Any CPU
		{B11BF68B-D54A-45B5-BFC0-A94A0EA122F2}.Debug|ARM.ActiveCfg = Debug|Any CPU
		{B11BF68B-D54A-45B5-BFC0-A94A0EA122F2}.Debug|ARM.Build.0 = Debug|Any CPU
		{B11BF68B-D54A-45B5-BFC0-A94A0EA122F2}.Debug|x64.ActiveCfg = Debug|Any CPU
		{B11BF68B-D54A-45B5-BFC0-A94A0EA122F2}.Debug|x64.Build.0 = Debug|Any CPU
		{B11BF68B-D54A-45B5-BFC0-A94A0EA122F2}.Debug|x86.ActiveCfg = Debug|Any CPU
		{B11BF68B-D54A-45B5-BFC0-A94A0EA122F2}.Debug|x86.Build.0 = Debug|Any CPU
		{B11BF68B-D54A-45B5-BFC0-A94A0EA122F2}.Release|Any CPU.ActiveCfg = Release|Any CPU
		{B11BF68B-D54A-45B5-BFC0-A94A0EA122F2}.Release|Any CPU.Build.0 = Release|Any CPU
		{B11BF68B-D54A-45B5-BFC0-A94A0EA122F2}.Release|ARM.ActiveCfg = Release|Any CPU
		{B11BF68B-D54A-45B5-BFC0-A94A0EA122F2}.Release|ARM.Build.0 = Release|Any CPU
		{B11BF68B-D54A-45B5-BFC0-A94A0EA122F2}.Release|x64.ActiveCfg = Release|Any CPU
		{B11BF68B-D54A-45B5-BFC0-A94A0EA122F2}.Release|x64.Build.0 = Release|Any CPU
		{B11BF68B-D54A-45B5-BFC0-A94A0EA122F2}.Release|x86.ActiveCfg = Release|Any CPU
		{B11BF68B-D54A-45B5-BFC0-A94A0EA122F2}.Release|x86.Build.0 = Release|Any CPU
		{C6FEB950-AFAA-4C60-AA15-5905CDF766C8}.Debug|Any CPU.ActiveCfg = Debug|Any CPU
		{C6FEB950-AFAA-4C60-AA15-5905CDF766C8}.Debug|Any CPU.Build.0 = Debug|Any CPU
		{C6FEB950-AFAA-4C60-AA15-5905CDF766C8}.Debug|ARM.ActiveCfg = Debug|Any CPU
		{C6FEB950-AFAA-4C60-AA15-5905CDF766C8}.Debug|ARM.Build.0 = Debug|Any CPU
		{C6FEB950-AFAA-4C60-AA15-5905CDF766C8}.Debug|x64.ActiveCfg = Debug|Any CPU
		{C6FEB950-AFAA-4C60-AA15-5905CDF766C8}.Debug|x64.Build.0 = Debug|Any CPU
		{C6FEB950-AFAA-4C60-AA15-5905CDF766C8}.Debug|x86.ActiveCfg = Debug|Any CPU
		{C6FEB950-AFAA-4C60-AA15-5905CDF766C8}.Debug|x86.Build.0 = Debug|Any CPU
		{C6FEB950-AFAA-4C60-AA15-5905CDF766C8}.Release|Any CPU.ActiveCfg = Release|Any CPU
		{C6FEB950-AFAA-4C60-AA15-5905CDF766C8}.Release|Any CPU.Build.0 = Release|Any CPU
		{C6FEB950-AFAA-4C60-AA15-5905CDF766C8}.Release|ARM.ActiveCfg = Release|Any CPU
		{C6FEB950-AFAA-4C60-AA15-5905CDF766C8}.Release|ARM.Build.0 = Release|Any CPU
		{C6FEB950-AFAA-4C60-AA15-5905CDF766C8}.Release|x64.ActiveCfg = Release|Any CPU
		{C6FEB950-AFAA-4C60-AA15-5905CDF766C8}.Release|x64.Build.0 = Release|Any CPU
		{C6FEB950-AFAA-4C60-AA15-5905CDF766C8}.Release|x86.ActiveCfg = Release|Any CPU
		{C6FEB950-AFAA-4C60-AA15-5905CDF766C8}.Release|x86.Build.0 = Release|Any CPU
		{0A757074-8A9B-4C2C-8869-0E037EE68DB6}.Debug|Any CPU.ActiveCfg = Debug|Any CPU
		{0A757074-8A9B-4C2C-8869-0E037EE68DB6}.Debug|Any CPU.Build.0 = Debug|Any CPU
		{0A757074-8A9B-4C2C-8869-0E037EE68DB6}.Debug|ARM.ActiveCfg = Debug|Any CPU
		{0A757074-8A9B-4C2C-8869-0E037EE68DB6}.Debug|ARM.Build.0 = Debug|Any CPU
		{0A757074-8A9B-4C2C-8869-0E037EE68DB6}.Debug|x64.ActiveCfg = Debug|Any CPU
		{0A757074-8A9B-4C2C-8869-0E037EE68DB6}.Debug|x64.Build.0 = Debug|Any CPU
		{0A757074-8A9B-4C2C-8869-0E037EE68DB6}.Debug|x86.ActiveCfg = Debug|Any CPU
		{0A757074-8A9B-4C2C-8869-0E037EE68DB6}.Debug|x86.Build.0 = Debug|Any CPU
		{0A757074-8A9B-4C2C-8869-0E037EE68DB6}.Release|Any CPU.ActiveCfg = Release|Any CPU
		{0A757074-8A9B-4C2C-8869-0E037EE68DB6}.Release|Any CPU.Build.0 = Release|Any CPU
		{0A757074-8A9B-4C2C-8869-0E037EE68DB6}.Release|ARM.ActiveCfg = Release|Any CPU
		{0A757074-8A9B-4C2C-8869-0E037EE68DB6}.Release|ARM.Build.0 = Release|Any CPU
		{0A757074-8A9B-4C2C-8869-0E037EE68DB6}.Release|x64.ActiveCfg = Release|Any CPU
		{0A757074-8A9B-4C2C-8869-0E037EE68DB6}.Release|x64.Build.0 = Release|Any CPU
		{0A757074-8A9B-4C2C-8869-0E037EE68DB6}.Release|x86.ActiveCfg = Release|Any CPU
		{0A757074-8A9B-4C2C-8869-0E037EE68DB6}.Release|x86.Build.0 = Release|Any CPU
		{1D20E2F8-181D-4C30-84C8-7E03001C178E}.Debug|Any CPU.ActiveCfg = Debug|Any CPU
		{1D20E2F8-181D-4C30-84C8-7E03001C178E}.Debug|Any CPU.Build.0 = Debug|Any CPU
		{1D20E2F8-181D-4C30-84C8-7E03001C178E}.Debug|ARM.ActiveCfg = Debug|Any CPU
		{1D20E2F8-181D-4C30-84C8-7E03001C178E}.Debug|ARM.Build.0 = Debug|Any CPU
		{1D20E2F8-181D-4C30-84C8-7E03001C178E}.Debug|x64.ActiveCfg = Debug|Any CPU
		{1D20E2F8-181D-4C30-84C8-7E03001C178E}.Debug|x64.Build.0 = Debug|Any CPU
		{1D20E2F8-181D-4C30-84C8-7E03001C178E}.Debug|x86.ActiveCfg = Debug|Any CPU
		{1D20E2F8-181D-4C30-84C8-7E03001C178E}.Debug|x86.Build.0 = Debug|Any CPU
		{1D20E2F8-181D-4C30-84C8-7E03001C178E}.Release|Any CPU.ActiveCfg = Release|Any CPU
		{1D20E2F8-181D-4C30-84C8-7E03001C178E}.Release|Any CPU.Build.0 = Release|Any CPU
		{1D20E2F8-181D-4C30-84C8-7E03001C178E}.Release|ARM.ActiveCfg = Release|Any CPU
		{1D20E2F8-181D-4C30-84C8-7E03001C178E}.Release|ARM.Build.0 = Release|Any CPU
		{1D20E2F8-181D-4C30-84C8-7E03001C178E}.Release|x64.ActiveCfg = Release|Any CPU
		{1D20E2F8-181D-4C30-84C8-7E03001C178E}.Release|x64.Build.0 = Release|Any CPU
		{1D20E2F8-181D-4C30-84C8-7E03001C178E}.Release|x86.ActiveCfg = Release|Any CPU
		{1D20E2F8-181D-4C30-84C8-7E03001C178E}.Release|x86.Build.0 = Release|Any CPU
		{8BD3E6C5-3DD1-43E0-830C-E096CCAFF1E6}.Debug|Any CPU.ActiveCfg = Debug|Any CPU
		{8BD3E6C5-3DD1-43E0-830C-E096CCAFF1E6}.Debug|Any CPU.Build.0 = Debug|Any CPU
		{8BD3E6C5-3DD1-43E0-830C-E096CCAFF1E6}.Debug|ARM.ActiveCfg = Debug|Any CPU
		{8BD3E6C5-3DD1-43E0-830C-E096CCAFF1E6}.Debug|ARM.Build.0 = Debug|Any CPU
		{8BD3E6C5-3DD1-43E0-830C-E096CCAFF1E6}.Debug|x64.ActiveCfg = Debug|Any CPU
		{8BD3E6C5-3DD1-43E0-830C-E096CCAFF1E6}.Debug|x64.Build.0 = Debug|Any CPU
		{8BD3E6C5-3DD1-43E0-830C-E096CCAFF1E6}.Debug|x86.ActiveCfg = Debug|Any CPU
		{8BD3E6C5-3DD1-43E0-830C-E096CCAFF1E6}.Debug|x86.Build.0 = Debug|Any CPU
		{8BD3E6C5-3DD1-43E0-830C-E096CCAFF1E6}.Release|Any CPU.ActiveCfg = Release|Any CPU
		{8BD3E6C5-3DD1-43E0-830C-E096CCAFF1E6}.Release|Any CPU.Build.0 = Release|Any CPU
		{8BD3E6C5-3DD1-43E0-830C-E096CCAFF1E6}.Release|ARM.ActiveCfg = Release|Any CPU
		{8BD3E6C5-3DD1-43E0-830C-E096CCAFF1E6}.Release|ARM.Build.0 = Release|Any CPU
		{8BD3E6C5-3DD1-43E0-830C-E096CCAFF1E6}.Release|x64.ActiveCfg = Release|Any CPU
		{8BD3E6C5-3DD1-43E0-830C-E096CCAFF1E6}.Release|x64.Build.0 = Release|Any CPU
		{8BD3E6C5-3DD1-43E0-830C-E096CCAFF1E6}.Release|x86.ActiveCfg = Release|Any CPU
		{8BD3E6C5-3DD1-43E0-830C-E096CCAFF1E6}.Release|x86.Build.0 = Release|Any CPU
		{6648DD53-3D61-4065-99BC-7FE6F5FFA304}.Debug|Any CPU.ActiveCfg = Debug|Any CPU
		{6648DD53-3D61-4065-99BC-7FE6F5FFA304}.Debug|Any CPU.Build.0 = Debug|Any CPU
		{6648DD53-3D61-4065-99BC-7FE6F5FFA304}.Debug|ARM.ActiveCfg = Debug|Any CPU
		{6648DD53-3D61-4065-99BC-7FE6F5FFA304}.Debug|ARM.Build.0 = Debug|Any CPU
		{6648DD53-3D61-4065-99BC-7FE6F5FFA304}.Debug|x64.ActiveCfg = Debug|Any CPU
		{6648DD53-3D61-4065-99BC-7FE6F5FFA304}.Debug|x64.Build.0 = Debug|Any CPU
		{6648DD53-3D61-4065-99BC-7FE6F5FFA304}.Debug|x86.ActiveCfg = Debug|Any CPU
		{6648DD53-3D61-4065-99BC-7FE6F5FFA304}.Debug|x86.Build.0 = Debug|Any CPU
		{6648DD53-3D61-4065-99BC-7FE6F5FFA304}.Release|Any CPU.ActiveCfg = Release|Any CPU
		{6648DD53-3D61-4065-99BC-7FE6F5FFA304}.Release|Any CPU.Build.0 = Release|Any CPU
		{6648DD53-3D61-4065-99BC-7FE6F5FFA304}.Release|ARM.ActiveCfg = Release|Any CPU
		{6648DD53-3D61-4065-99BC-7FE6F5FFA304}.Release|ARM.Build.0 = Release|Any CPU
		{6648DD53-3D61-4065-99BC-7FE6F5FFA304}.Release|x64.ActiveCfg = Release|Any CPU
		{6648DD53-3D61-4065-99BC-7FE6F5FFA304}.Release|x64.Build.0 = Release|Any CPU
		{6648DD53-3D61-4065-99BC-7FE6F5FFA304}.Release|x86.ActiveCfg = Release|Any CPU
		{6648DD53-3D61-4065-99BC-7FE6F5FFA304}.Release|x86.Build.0 = Release|Any CPU
		{51A81B47-291E-4FE4-BB3E-F5E26FCB3056}.Debug|Any CPU.ActiveCfg = Debug|Any CPU
		{51A81B47-291E-4FE4-BB3E-F5E26FCB3056}.Debug|Any CPU.Build.0 = Debug|Any CPU
		{51A81B47-291E-4FE4-BB3E-F5E26FCB3056}.Debug|ARM.ActiveCfg = Debug|Any CPU
		{51A81B47-291E-4FE4-BB3E-F5E26FCB3056}.Debug|ARM.Build.0 = Debug|Any CPU
		{51A81B47-291E-4FE4-BB3E-F5E26FCB3056}.Debug|x64.ActiveCfg = Debug|x64
		{51A81B47-291E-4FE4-BB3E-F5E26FCB3056}.Debug|x64.Build.0 = Debug|x64
		{51A81B47-291E-4FE4-BB3E-F5E26FCB3056}.Debug|x86.ActiveCfg = Debug|x86
		{51A81B47-291E-4FE4-BB3E-F5E26FCB3056}.Debug|x86.Build.0 = Debug|x86
		{51A81B47-291E-4FE4-BB3E-F5E26FCB3056}.Release|Any CPU.ActiveCfg = Release|Any CPU
		{51A81B47-291E-4FE4-BB3E-F5E26FCB3056}.Release|Any CPU.Build.0 = Release|Any CPU
		{51A81B47-291E-4FE4-BB3E-F5E26FCB3056}.Release|ARM.ActiveCfg = Release|Any CPU
		{51A81B47-291E-4FE4-BB3E-F5E26FCB3056}.Release|ARM.Build.0 = Release|Any CPU
		{51A81B47-291E-4FE4-BB3E-F5E26FCB3056}.Release|x64.ActiveCfg = Release|x64
		{51A81B47-291E-4FE4-BB3E-F5E26FCB3056}.Release|x64.Build.0 = Release|x64
		{51A81B47-291E-4FE4-BB3E-F5E26FCB3056}.Release|x86.ActiveCfg = Release|x86
		{51A81B47-291E-4FE4-BB3E-F5E26FCB3056}.Release|x86.Build.0 = Release|x86
		{1665945B-D61A-4AA0-833D-B32ECD09F830}.Debug|Any CPU.ActiveCfg = Debug|Any CPU
		{1665945B-D61A-4AA0-833D-B32ECD09F830}.Debug|Any CPU.Build.0 = Debug|Any CPU
		{1665945B-D61A-4AA0-833D-B32ECD09F830}.Debug|ARM.ActiveCfg = Debug|Any CPU
		{1665945B-D61A-4AA0-833D-B32ECD09F830}.Debug|ARM.Build.0 = Debug|Any CPU
		{1665945B-D61A-4AA0-833D-B32ECD09F830}.Debug|x64.ActiveCfg = Debug|Any CPU
		{1665945B-D61A-4AA0-833D-B32ECD09F830}.Debug|x64.Build.0 = Debug|Any CPU
		{1665945B-D61A-4AA0-833D-B32ECD09F830}.Debug|x86.ActiveCfg = Debug|Any CPU
		{1665945B-D61A-4AA0-833D-B32ECD09F830}.Debug|x86.Build.0 = Debug|Any CPU
		{1665945B-D61A-4AA0-833D-B32ECD09F830}.Release|Any CPU.ActiveCfg = Release|Any CPU
		{1665945B-D61A-4AA0-833D-B32ECD09F830}.Release|Any CPU.Build.0 = Release|Any CPU
		{1665945B-D61A-4AA0-833D-B32ECD09F830}.Release|ARM.ActiveCfg = Release|Any CPU
		{1665945B-D61A-4AA0-833D-B32ECD09F830}.Release|ARM.Build.0 = Release|Any CPU
		{1665945B-D61A-4AA0-833D-B32ECD09F830}.Release|x64.ActiveCfg = Release|Any CPU
		{1665945B-D61A-4AA0-833D-B32ECD09F830}.Release|x64.Build.0 = Release|Any CPU
		{1665945B-D61A-4AA0-833D-B32ECD09F830}.Release|x86.ActiveCfg = Release|Any CPU
		{1665945B-D61A-4AA0-833D-B32ECD09F830}.Release|x86.Build.0 = Release|Any CPU
		{E24F7C8E-BE52-4E15-94B1-78034FA1FD5B}.Debug|Any CPU.ActiveCfg = Debug|Any CPU
		{E24F7C8E-BE52-4E15-94B1-78034FA1FD5B}.Debug|Any CPU.Build.0 = Debug|Any CPU
		{E24F7C8E-BE52-4E15-94B1-78034FA1FD5B}.Debug|ARM.ActiveCfg = Debug|Any CPU
		{E24F7C8E-BE52-4E15-94B1-78034FA1FD5B}.Debug|ARM.Build.0 = Debug|Any CPU
		{E24F7C8E-BE52-4E15-94B1-78034FA1FD5B}.Debug|x64.ActiveCfg = Debug|Any CPU
		{E24F7C8E-BE52-4E15-94B1-78034FA1FD5B}.Debug|x64.Build.0 = Debug|Any CPU
		{E24F7C8E-BE52-4E15-94B1-78034FA1FD5B}.Debug|x86.ActiveCfg = Debug|Any CPU
		{E24F7C8E-BE52-4E15-94B1-78034FA1FD5B}.Debug|x86.Build.0 = Debug|Any CPU
		{E24F7C8E-BE52-4E15-94B1-78034FA1FD5B}.Release|Any CPU.ActiveCfg = Release|Any CPU
		{E24F7C8E-BE52-4E15-94B1-78034FA1FD5B}.Release|Any CPU.Build.0 = Release|Any CPU
		{E24F7C8E-BE52-4E15-94B1-78034FA1FD5B}.Release|ARM.ActiveCfg = Release|Any CPU
		{E24F7C8E-BE52-4E15-94B1-78034FA1FD5B}.Release|ARM.Build.0 = Release|Any CPU
		{E24F7C8E-BE52-4E15-94B1-78034FA1FD5B}.Release|x64.ActiveCfg = Release|Any CPU
		{E24F7C8E-BE52-4E15-94B1-78034FA1FD5B}.Release|x64.Build.0 = Release|Any CPU
		{E24F7C8E-BE52-4E15-94B1-78034FA1FD5B}.Release|x86.ActiveCfg = Release|Any CPU
		{E24F7C8E-BE52-4E15-94B1-78034FA1FD5B}.Release|x86.Build.0 = Release|Any CPU
		{64ADCE3E-71F0-4A08-9A56-21E95F090FEB}.Debug|Any CPU.ActiveCfg = Debug|Any CPU
		{64ADCE3E-71F0-4A08-9A56-21E95F090FEB}.Debug|Any CPU.Build.0 = Debug|Any CPU
		{64ADCE3E-71F0-4A08-9A56-21E95F090FEB}.Debug|ARM.ActiveCfg = Debug|Any CPU
		{64ADCE3E-71F0-4A08-9A56-21E95F090FEB}.Debug|ARM.Build.0 = Debug|Any CPU
		{64ADCE3E-71F0-4A08-9A56-21E95F090FEB}.Debug|x64.ActiveCfg = Debug|Any CPU
		{64ADCE3E-71F0-4A08-9A56-21E95F090FEB}.Debug|x64.Build.0 = Debug|Any CPU
		{64ADCE3E-71F0-4A08-9A56-21E95F090FEB}.Debug|x86.ActiveCfg = Debug|Any CPU
		{64ADCE3E-71F0-4A08-9A56-21E95F090FEB}.Debug|x86.Build.0 = Debug|Any CPU
		{64ADCE3E-71F0-4A08-9A56-21E95F090FEB}.Release|Any CPU.ActiveCfg = Release|Any CPU
		{64ADCE3E-71F0-4A08-9A56-21E95F090FEB}.Release|Any CPU.Build.0 = Release|Any CPU
		{64ADCE3E-71F0-4A08-9A56-21E95F090FEB}.Release|ARM.ActiveCfg = Release|Any CPU
		{64ADCE3E-71F0-4A08-9A56-21E95F090FEB}.Release|ARM.Build.0 = Release|Any CPU
		{64ADCE3E-71F0-4A08-9A56-21E95F090FEB}.Release|x64.ActiveCfg = Release|Any CPU
		{64ADCE3E-71F0-4A08-9A56-21E95F090FEB}.Release|x64.Build.0 = Release|Any CPU
		{64ADCE3E-71F0-4A08-9A56-21E95F090FEB}.Release|x86.ActiveCfg = Release|Any CPU
		{64ADCE3E-71F0-4A08-9A56-21E95F090FEB}.Release|x86.Build.0 = Release|Any CPU
		{142F9ECA-3781-40A0-A3D0-2A22B94BC8BD}.Debug|Any CPU.ActiveCfg = Debug|Any CPU
		{142F9ECA-3781-40A0-A3D0-2A22B94BC8BD}.Debug|Any CPU.Build.0 = Debug|Any CPU
		{142F9ECA-3781-40A0-A3D0-2A22B94BC8BD}.Debug|ARM.ActiveCfg = Debug|Any CPU
		{142F9ECA-3781-40A0-A3D0-2A22B94BC8BD}.Debug|ARM.Build.0 = Debug|Any CPU
		{142F9ECA-3781-40A0-A3D0-2A22B94BC8BD}.Debug|x64.ActiveCfg = Debug|Any CPU
		{142F9ECA-3781-40A0-A3D0-2A22B94BC8BD}.Debug|x64.Build.0 = Debug|Any CPU
		{142F9ECA-3781-40A0-A3D0-2A22B94BC8BD}.Debug|x86.ActiveCfg = Debug|Any CPU
		{142F9ECA-3781-40A0-A3D0-2A22B94BC8BD}.Debug|x86.Build.0 = Debug|Any CPU
		{142F9ECA-3781-40A0-A3D0-2A22B94BC8BD}.Release|Any CPU.ActiveCfg = Release|Any CPU
		{142F9ECA-3781-40A0-A3D0-2A22B94BC8BD}.Release|Any CPU.Build.0 = Release|Any CPU
		{142F9ECA-3781-40A0-A3D0-2A22B94BC8BD}.Release|ARM.ActiveCfg = Release|Any CPU
		{142F9ECA-3781-40A0-A3D0-2A22B94BC8BD}.Release|ARM.Build.0 = Release|Any CPU
		{142F9ECA-3781-40A0-A3D0-2A22B94BC8BD}.Release|x64.ActiveCfg = Release|Any CPU
		{142F9ECA-3781-40A0-A3D0-2A22B94BC8BD}.Release|x64.Build.0 = Release|Any CPU
		{142F9ECA-3781-40A0-A3D0-2A22B94BC8BD}.Release|x86.ActiveCfg = Release|Any CPU
		{142F9ECA-3781-40A0-A3D0-2A22B94BC8BD}.Release|x86.Build.0 = Release|Any CPU
		{979FA188-503C-43F6-902D-71B84FF761D7}.Debug|Any CPU.ActiveCfg = Debug|Any CPU
		{979FA188-503C-43F6-902D-71B84FF761D7}.Debug|Any CPU.Build.0 = Debug|Any CPU
		{979FA188-503C-43F6-902D-71B84FF761D7}.Debug|ARM.ActiveCfg = Debug|Any CPU
		{979FA188-503C-43F6-902D-71B84FF761D7}.Debug|ARM.Build.0 = Debug|Any CPU
		{979FA188-503C-43F6-902D-71B84FF761D7}.Debug|x64.ActiveCfg = Debug|Any CPU
		{979FA188-503C-43F6-902D-71B84FF761D7}.Debug|x64.Build.0 = Debug|Any CPU
		{979FA188-503C-43F6-902D-71B84FF761D7}.Debug|x86.ActiveCfg = Debug|Any CPU
		{979FA188-503C-43F6-902D-71B84FF761D7}.Debug|x86.Build.0 = Debug|Any CPU
		{979FA188-503C-43F6-902D-71B84FF761D7}.Release|Any CPU.ActiveCfg = Release|Any CPU
		{979FA188-503C-43F6-902D-71B84FF761D7}.Release|Any CPU.Build.0 = Release|Any CPU
		{979FA188-503C-43F6-902D-71B84FF761D7}.Release|ARM.ActiveCfg = Release|Any CPU
		{979FA188-503C-43F6-902D-71B84FF761D7}.Release|ARM.Build.0 = Release|Any CPU
		{979FA188-503C-43F6-902D-71B84FF761D7}.Release|x64.ActiveCfg = Release|Any CPU
		{979FA188-503C-43F6-902D-71B84FF761D7}.Release|x64.Build.0 = Release|Any CPU
		{979FA188-503C-43F6-902D-71B84FF761D7}.Release|x86.ActiveCfg = Release|Any CPU
		{979FA188-503C-43F6-902D-71B84FF761D7}.Release|x86.Build.0 = Release|Any CPU
		{BE38608F-ACDF-490B-97D8-EB478876F25F}.Debug|Any CPU.ActiveCfg = Debug|Any CPU
		{BE38608F-ACDF-490B-97D8-EB478876F25F}.Debug|Any CPU.Build.0 = Debug|Any CPU
		{BE38608F-ACDF-490B-97D8-EB478876F25F}.Debug|ARM.ActiveCfg = Debug|Any CPU
		{BE38608F-ACDF-490B-97D8-EB478876F25F}.Debug|ARM.Build.0 = Debug|Any CPU
		{BE38608F-ACDF-490B-97D8-EB478876F25F}.Debug|x64.ActiveCfg = Debug|Any CPU
		{BE38608F-ACDF-490B-97D8-EB478876F25F}.Debug|x64.Build.0 = Debug|Any CPU
		{BE38608F-ACDF-490B-97D8-EB478876F25F}.Debug|x86.ActiveCfg = Debug|Any CPU
		{BE38608F-ACDF-490B-97D8-EB478876F25F}.Debug|x86.Build.0 = Debug|Any CPU
		{BE38608F-ACDF-490B-97D8-EB478876F25F}.Release|Any CPU.ActiveCfg = Release|Any CPU
		{BE38608F-ACDF-490B-97D8-EB478876F25F}.Release|Any CPU.Build.0 = Release|Any CPU
		{BE38608F-ACDF-490B-97D8-EB478876F25F}.Release|ARM.ActiveCfg = Release|Any CPU
		{BE38608F-ACDF-490B-97D8-EB478876F25F}.Release|ARM.Build.0 = Release|Any CPU
		{BE38608F-ACDF-490B-97D8-EB478876F25F}.Release|x64.ActiveCfg = Release|Any CPU
		{BE38608F-ACDF-490B-97D8-EB478876F25F}.Release|x64.Build.0 = Release|Any CPU
		{BE38608F-ACDF-490B-97D8-EB478876F25F}.Release|x86.ActiveCfg = Release|Any CPU
		{BE38608F-ACDF-490B-97D8-EB478876F25F}.Release|x86.Build.0 = Release|Any CPU
		{F5455E0A-83A3-430C-B761-CD37AE2E5178}.Debug|Any CPU.ActiveCfg = Debug|Any CPU
		{F5455E0A-83A3-430C-B761-CD37AE2E5178}.Debug|Any CPU.Build.0 = Debug|Any CPU
		{F5455E0A-83A3-430C-B761-CD37AE2E5178}.Debug|ARM.ActiveCfg = Debug|Any CPU
		{F5455E0A-83A3-430C-B761-CD37AE2E5178}.Debug|ARM.Build.0 = Debug|Any CPU
		{F5455E0A-83A3-430C-B761-CD37AE2E5178}.Debug|x64.ActiveCfg = Debug|Any CPU
		{F5455E0A-83A3-430C-B761-CD37AE2E5178}.Debug|x64.Build.0 = Debug|Any CPU
		{F5455E0A-83A3-430C-B761-CD37AE2E5178}.Debug|x86.ActiveCfg = Debug|Any CPU
		{F5455E0A-83A3-430C-B761-CD37AE2E5178}.Debug|x86.Build.0 = Debug|Any CPU
		{F5455E0A-83A3-430C-B761-CD37AE2E5178}.Release|Any CPU.ActiveCfg = Release|Any CPU
		{F5455E0A-83A3-430C-B761-CD37AE2E5178}.Release|Any CPU.Build.0 = Release|Any CPU
		{F5455E0A-83A3-430C-B761-CD37AE2E5178}.Release|ARM.ActiveCfg = Release|Any CPU
		{F5455E0A-83A3-430C-B761-CD37AE2E5178}.Release|ARM.Build.0 = Release|Any CPU
		{F5455E0A-83A3-430C-B761-CD37AE2E5178}.Release|x64.ActiveCfg = Release|Any CPU
		{F5455E0A-83A3-430C-B761-CD37AE2E5178}.Release|x64.Build.0 = Release|Any CPU
		{F5455E0A-83A3-430C-B761-CD37AE2E5178}.Release|x86.ActiveCfg = Release|Any CPU
		{F5455E0A-83A3-430C-B761-CD37AE2E5178}.Release|x86.Build.0 = Release|Any CPU
		{B626E2C4-9A4C-437D-BE55-1248B09D5A77}.Debug|Any CPU.ActiveCfg = Debug|Any CPU
		{B626E2C4-9A4C-437D-BE55-1248B09D5A77}.Debug|Any CPU.Build.0 = Debug|Any CPU
		{B626E2C4-9A4C-437D-BE55-1248B09D5A77}.Debug|ARM.ActiveCfg = Debug|Any CPU
		{B626E2C4-9A4C-437D-BE55-1248B09D5A77}.Debug|ARM.Build.0 = Debug|Any CPU
		{B626E2C4-9A4C-437D-BE55-1248B09D5A77}.Debug|x64.ActiveCfg = Debug|Any CPU
		{B626E2C4-9A4C-437D-BE55-1248B09D5A77}.Debug|x64.Build.0 = Debug|Any CPU
		{B626E2C4-9A4C-437D-BE55-1248B09D5A77}.Debug|x86.ActiveCfg = Debug|Any CPU
		{B626E2C4-9A4C-437D-BE55-1248B09D5A77}.Debug|x86.Build.0 = Debug|Any CPU
		{B626E2C4-9A4C-437D-BE55-1248B09D5A77}.Release|Any CPU.ActiveCfg = Release|Any CPU
		{B626E2C4-9A4C-437D-BE55-1248B09D5A77}.Release|Any CPU.Build.0 = Release|Any CPU
		{B626E2C4-9A4C-437D-BE55-1248B09D5A77}.Release|ARM.ActiveCfg = Release|Any CPU
		{B626E2C4-9A4C-437D-BE55-1248B09D5A77}.Release|ARM.Build.0 = Release|Any CPU
		{B626E2C4-9A4C-437D-BE55-1248B09D5A77}.Release|x64.ActiveCfg = Release|Any CPU
		{B626E2C4-9A4C-437D-BE55-1248B09D5A77}.Release|x64.Build.0 = Release|Any CPU
		{B626E2C4-9A4C-437D-BE55-1248B09D5A77}.Release|x86.ActiveCfg = Release|Any CPU
		{B626E2C4-9A4C-437D-BE55-1248B09D5A77}.Release|x86.Build.0 = Release|Any CPU
		{F9D576C7-D1D8-4CD9-B4C5-DB16D8B1D5D9}.Debug|Any CPU.ActiveCfg = Debug|Any CPU
		{F9D576C7-D1D8-4CD9-B4C5-DB16D8B1D5D9}.Debug|Any CPU.Build.0 = Debug|Any CPU
		{F9D576C7-D1D8-4CD9-B4C5-DB16D8B1D5D9}.Debug|ARM.ActiveCfg = Debug|Any CPU
		{F9D576C7-D1D8-4CD9-B4C5-DB16D8B1D5D9}.Debug|ARM.Build.0 = Debug|Any CPU
		{F9D576C7-D1D8-4CD9-B4C5-DB16D8B1D5D9}.Debug|x64.ActiveCfg = Debug|Any CPU
		{F9D576C7-D1D8-4CD9-B4C5-DB16D8B1D5D9}.Debug|x64.Build.0 = Debug|Any CPU
		{F9D576C7-D1D8-4CD9-B4C5-DB16D8B1D5D9}.Debug|x86.ActiveCfg = Debug|Any CPU
		{F9D576C7-D1D8-4CD9-B4C5-DB16D8B1D5D9}.Debug|x86.Build.0 = Debug|Any CPU
		{F9D576C7-D1D8-4CD9-B4C5-DB16D8B1D5D9}.Release|Any CPU.ActiveCfg = Release|Any CPU
		{F9D576C7-D1D8-4CD9-B4C5-DB16D8B1D5D9}.Release|Any CPU.Build.0 = Release|Any CPU
		{F9D576C7-D1D8-4CD9-B4C5-DB16D8B1D5D9}.Release|ARM.ActiveCfg = Release|Any CPU
		{F9D576C7-D1D8-4CD9-B4C5-DB16D8B1D5D9}.Release|ARM.Build.0 = Release|Any CPU
		{F9D576C7-D1D8-4CD9-B4C5-DB16D8B1D5D9}.Release|x64.ActiveCfg = Release|Any CPU
		{F9D576C7-D1D8-4CD9-B4C5-DB16D8B1D5D9}.Release|x64.Build.0 = Release|Any CPU
		{F9D576C7-D1D8-4CD9-B4C5-DB16D8B1D5D9}.Release|x86.ActiveCfg = Release|Any CPU
		{F9D576C7-D1D8-4CD9-B4C5-DB16D8B1D5D9}.Release|x86.Build.0 = Release|Any CPU
		{C92F6F5F-D9EF-4980-8685-9583D9CDC64E}.Debug|Any CPU.ActiveCfg = Debug|Any CPU
		{C92F6F5F-D9EF-4980-8685-9583D9CDC64E}.Debug|Any CPU.Build.0 = Debug|Any CPU
		{C92F6F5F-D9EF-4980-8685-9583D9CDC64E}.Debug|ARM.ActiveCfg = Debug|Any CPU
		{C92F6F5F-D9EF-4980-8685-9583D9CDC64E}.Debug|ARM.Build.0 = Debug|Any CPU
		{C92F6F5F-D9EF-4980-8685-9583D9CDC64E}.Debug|x64.ActiveCfg = Debug|Any CPU
		{C92F6F5F-D9EF-4980-8685-9583D9CDC64E}.Debug|x64.Build.0 = Debug|Any CPU
		{C92F6F5F-D9EF-4980-8685-9583D9CDC64E}.Debug|x86.ActiveCfg = Debug|Any CPU
		{C92F6F5F-D9EF-4980-8685-9583D9CDC64E}.Debug|x86.Build.0 = Debug|Any CPU
		{C92F6F5F-D9EF-4980-8685-9583D9CDC64E}.Release|Any CPU.ActiveCfg = Release|Any CPU
		{C92F6F5F-D9EF-4980-8685-9583D9CDC64E}.Release|Any CPU.Build.0 = Release|Any CPU
		{C92F6F5F-D9EF-4980-8685-9583D9CDC64E}.Release|ARM.ActiveCfg = Release|Any CPU
		{C92F6F5F-D9EF-4980-8685-9583D9CDC64E}.Release|ARM.Build.0 = Release|Any CPU
		{C92F6F5F-D9EF-4980-8685-9583D9CDC64E}.Release|x64.ActiveCfg = Release|Any CPU
		{C92F6F5F-D9EF-4980-8685-9583D9CDC64E}.Release|x64.Build.0 = Release|Any CPU
		{C92F6F5F-D9EF-4980-8685-9583D9CDC64E}.Release|x86.ActiveCfg = Release|Any CPU
		{C92F6F5F-D9EF-4980-8685-9583D9CDC64E}.Release|x86.Build.0 = Release|Any CPU
		{EC28CD22-A855-4DE2-B50D-459637340DF0}.Debug|Any CPU.ActiveCfg = Debug|Any CPU
		{EC28CD22-A855-4DE2-B50D-459637340DF0}.Debug|Any CPU.Build.0 = Debug|Any CPU
		{EC28CD22-A855-4DE2-B50D-459637340DF0}.Debug|ARM.ActiveCfg = Debug|Any CPU
		{EC28CD22-A855-4DE2-B50D-459637340DF0}.Debug|ARM.Build.0 = Debug|Any CPU
		{EC28CD22-A855-4DE2-B50D-459637340DF0}.Debug|x64.ActiveCfg = Debug|Any CPU
		{EC28CD22-A855-4DE2-B50D-459637340DF0}.Debug|x64.Build.0 = Debug|Any CPU
		{EC28CD22-A855-4DE2-B50D-459637340DF0}.Debug|x86.ActiveCfg = Debug|Any CPU
		{EC28CD22-A855-4DE2-B50D-459637340DF0}.Debug|x86.Build.0 = Debug|Any CPU
		{EC28CD22-A855-4DE2-B50D-459637340DF0}.Release|Any CPU.ActiveCfg = Release|Any CPU
		{EC28CD22-A855-4DE2-B50D-459637340DF0}.Release|Any CPU.Build.0 = Release|Any CPU
		{EC28CD22-A855-4DE2-B50D-459637340DF0}.Release|ARM.ActiveCfg = Release|Any CPU
		{EC28CD22-A855-4DE2-B50D-459637340DF0}.Release|ARM.Build.0 = Release|Any CPU
		{EC28CD22-A855-4DE2-B50D-459637340DF0}.Release|x64.ActiveCfg = Release|Any CPU
		{EC28CD22-A855-4DE2-B50D-459637340DF0}.Release|x64.Build.0 = Release|Any CPU
		{EC28CD22-A855-4DE2-B50D-459637340DF0}.Release|x86.ActiveCfg = Release|Any CPU
		{EC28CD22-A855-4DE2-B50D-459637340DF0}.Release|x86.Build.0 = Release|Any CPU
		{8E8C7D1A-CC85-446E-B032-536B69ADAA32}.Debug|Any CPU.ActiveCfg = Debug|Any CPU
		{8E8C7D1A-CC85-446E-B032-536B69ADAA32}.Debug|Any CPU.Build.0 = Debug|Any CPU
		{8E8C7D1A-CC85-446E-B032-536B69ADAA32}.Debug|ARM.ActiveCfg = Debug|Any CPU
		{8E8C7D1A-CC85-446E-B032-536B69ADAA32}.Debug|ARM.Build.0 = Debug|Any CPU
		{8E8C7D1A-CC85-446E-B032-536B69ADAA32}.Debug|x64.ActiveCfg = Debug|Any CPU
		{8E8C7D1A-CC85-446E-B032-536B69ADAA32}.Debug|x64.Build.0 = Debug|Any CPU
		{8E8C7D1A-CC85-446E-B032-536B69ADAA32}.Debug|x86.ActiveCfg = Debug|Any CPU
		{8E8C7D1A-CC85-446E-B032-536B69ADAA32}.Debug|x86.Build.0 = Debug|Any CPU
		{8E8C7D1A-CC85-446E-B032-536B69ADAA32}.Release|Any CPU.ActiveCfg = Release|Any CPU
		{8E8C7D1A-CC85-446E-B032-536B69ADAA32}.Release|Any CPU.Build.0 = Release|Any CPU
		{8E8C7D1A-CC85-446E-B032-536B69ADAA32}.Release|ARM.ActiveCfg = Release|Any CPU
		{8E8C7D1A-CC85-446E-B032-536B69ADAA32}.Release|ARM.Build.0 = Release|Any CPU
		{8E8C7D1A-CC85-446E-B032-536B69ADAA32}.Release|x64.ActiveCfg = Release|Any CPU
		{8E8C7D1A-CC85-446E-B032-536B69ADAA32}.Release|x64.Build.0 = Release|Any CPU
		{8E8C7D1A-CC85-446E-B032-536B69ADAA32}.Release|x86.ActiveCfg = Release|Any CPU
		{8E8C7D1A-CC85-446E-B032-536B69ADAA32}.Release|x86.Build.0 = Release|Any CPU
		{092CEA99-7D6E-482D-A45E-B093AD8D88BE}.Debug|Any CPU.ActiveCfg = Debug|Any CPU
		{092CEA99-7D6E-482D-A45E-B093AD8D88BE}.Debug|Any CPU.Build.0 = Debug|Any CPU
		{092CEA99-7D6E-482D-A45E-B093AD8D88BE}.Debug|ARM.ActiveCfg = Debug|Any CPU
		{092CEA99-7D6E-482D-A45E-B093AD8D88BE}.Debug|ARM.Build.0 = Debug|Any CPU
		{092CEA99-7D6E-482D-A45E-B093AD8D88BE}.Debug|x64.ActiveCfg = Debug|Any CPU
		{092CEA99-7D6E-482D-A45E-B093AD8D88BE}.Debug|x64.Build.0 = Debug|Any CPU
		{092CEA99-7D6E-482D-A45E-B093AD8D88BE}.Debug|x86.ActiveCfg = Debug|Any CPU
		{092CEA99-7D6E-482D-A45E-B093AD8D88BE}.Debug|x86.Build.0 = Debug|Any CPU
		{092CEA99-7D6E-482D-A45E-B093AD8D88BE}.Release|Any CPU.ActiveCfg = Release|Any CPU
		{092CEA99-7D6E-482D-A45E-B093AD8D88BE}.Release|Any CPU.Build.0 = Release|Any CPU
		{092CEA99-7D6E-482D-A45E-B093AD8D88BE}.Release|ARM.ActiveCfg = Release|Any CPU
		{092CEA99-7D6E-482D-A45E-B093AD8D88BE}.Release|ARM.Build.0 = Release|Any CPU
		{092CEA99-7D6E-482D-A45E-B093AD8D88BE}.Release|x64.ActiveCfg = Release|Any CPU
		{092CEA99-7D6E-482D-A45E-B093AD8D88BE}.Release|x64.Build.0 = Release|Any CPU
		{092CEA99-7D6E-482D-A45E-B093AD8D88BE}.Release|x86.ActiveCfg = Release|Any CPU
		{092CEA99-7D6E-482D-A45E-B093AD8D88BE}.Release|x86.Build.0 = Release|Any CPU
		{19723E05-860D-4759-89DA-6EC134B27C07}.Debug|Any CPU.ActiveCfg = Debug|Any CPU
		{19723E05-860D-4759-89DA-6EC134B27C07}.Debug|Any CPU.Build.0 = Debug|Any CPU
		{19723E05-860D-4759-89DA-6EC134B27C07}.Debug|ARM.ActiveCfg = Debug|Any CPU
		{19723E05-860D-4759-89DA-6EC134B27C07}.Debug|ARM.Build.0 = Debug|Any CPU
		{19723E05-860D-4759-89DA-6EC134B27C07}.Debug|x64.ActiveCfg = Debug|Any CPU
		{19723E05-860D-4759-89DA-6EC134B27C07}.Debug|x64.Build.0 = Debug|Any CPU
		{19723E05-860D-4759-89DA-6EC134B27C07}.Debug|x86.ActiveCfg = Debug|Any CPU
		{19723E05-860D-4759-89DA-6EC134B27C07}.Debug|x86.Build.0 = Debug|Any CPU
		{19723E05-860D-4759-89DA-6EC134B27C07}.Release|Any CPU.ActiveCfg = Release|Any CPU
		{19723E05-860D-4759-89DA-6EC134B27C07}.Release|Any CPU.Build.0 = Release|Any CPU
		{19723E05-860D-4759-89DA-6EC134B27C07}.Release|ARM.ActiveCfg = Release|Any CPU
		{19723E05-860D-4759-89DA-6EC134B27C07}.Release|ARM.Build.0 = Release|Any CPU
		{19723E05-860D-4759-89DA-6EC134B27C07}.Release|x64.ActiveCfg = Release|Any CPU
		{19723E05-860D-4759-89DA-6EC134B27C07}.Release|x64.Build.0 = Release|Any CPU
		{19723E05-860D-4759-89DA-6EC134B27C07}.Release|x86.ActiveCfg = Release|Any CPU
		{19723E05-860D-4759-89DA-6EC134B27C07}.Release|x86.Build.0 = Release|Any CPU
		{2DF90BFC-2E34-4ACE-927E-9FA1026B775B}.Debug|Any CPU.ActiveCfg = Debug|Any CPU
		{2DF90BFC-2E34-4ACE-927E-9FA1026B775B}.Debug|Any CPU.Build.0 = Debug|Any CPU
		{2DF90BFC-2E34-4ACE-927E-9FA1026B775B}.Debug|ARM.ActiveCfg = Debug|Any CPU
		{2DF90BFC-2E34-4ACE-927E-9FA1026B775B}.Debug|ARM.Build.0 = Debug|Any CPU
		{2DF90BFC-2E34-4ACE-927E-9FA1026B775B}.Debug|x64.ActiveCfg = Debug|Any CPU
		{2DF90BFC-2E34-4ACE-927E-9FA1026B775B}.Debug|x64.Build.0 = Debug|Any CPU
		{2DF90BFC-2E34-4ACE-927E-9FA1026B775B}.Debug|x86.ActiveCfg = Debug|Any CPU
		{2DF90BFC-2E34-4ACE-927E-9FA1026B775B}.Debug|x86.Build.0 = Debug|Any CPU
		{2DF90BFC-2E34-4ACE-927E-9FA1026B775B}.Release|Any CPU.ActiveCfg = Release|Any CPU
		{2DF90BFC-2E34-4ACE-927E-9FA1026B775B}.Release|Any CPU.Build.0 = Release|Any CPU
		{2DF90BFC-2E34-4ACE-927E-9FA1026B775B}.Release|ARM.ActiveCfg = Release|Any CPU
		{2DF90BFC-2E34-4ACE-927E-9FA1026B775B}.Release|ARM.Build.0 = Release|Any CPU
		{2DF90BFC-2E34-4ACE-927E-9FA1026B775B}.Release|x64.ActiveCfg = Release|Any CPU
		{2DF90BFC-2E34-4ACE-927E-9FA1026B775B}.Release|x64.Build.0 = Release|Any CPU
		{2DF90BFC-2E34-4ACE-927E-9FA1026B775B}.Release|x86.ActiveCfg = Release|Any CPU
		{2DF90BFC-2E34-4ACE-927E-9FA1026B775B}.Release|x86.Build.0 = Release|Any CPU
	EndGlobalSection
	GlobalSection(SolutionProperties) = preSolution
		HideSolutionNode = FALSE
	EndGlobalSection
EndGlobal
