
Microsoft Visual Studio Solution File, Format Version 12.00
# Visual Studio 2013
VisualStudioVersion = 12.0.30501.0
MinimumVisualStudioVersion = 10.0.40219.1
Project("{FAE04EC0-301F-11D3-BF4B-00C04F79EFBC}") = "TheWheel.OpenXml", "TheWheel.OpenXml\TheWheel.OpenXml.csproj", "{1C14A3C9-95EF-48C9-9704-08F5643BAC46}"
EndProject
Project("{FAE04EC0-301F-11D3-BF4B-00C04F79EFBC}") = "TheWheel.Domain", "TheWheel.Domain\TheWheel.Domain.csproj", "{CA8087B1-050A-415A-9035-ABB5790F5831}"
EndProject
Project("{FAE04EC0-301F-11D3-BF4B-00C04F79EFBC}") = "TheWheel.Lambda", "TheWeel.Lambda\TheWheel.Lambda.csproj", "{B11BF68B-D54A-45B5-BFC0-A94A0EA122F2}"
EndProject
Project("{FAE04EC0-301F-11D3-BF4B-00C04F79EFBC}") = "TheWheel.Services", "TheWheel.Services\TheWheel.Services.csproj", "{C6FEB950-AFAA-4C60-AA15-5905CDF766C8}"
EndProject
Project("{FAE04EC0-301F-11D3-BF4B-00C04F79EFBC}") = "TheWheel.Tests", "TheWheel.Tests\TheWheel.Tests.csproj", "{0A757074-8A9B-4C2C-8869-0E037EE68DB6}"
EndProject
Global
	GlobalSection(SolutionConfigurationPlatforms) = preSolution
		Debug|Any CPU = Debug|Any CPU
		Release|Any CPU = Release|Any CPU
	EndGlobalSection
	GlobalSection(ProjectConfigurationPlatforms) = postSolution
		{1C14A3C9-95EF-48C9-9704-08F5643BAC46}.Debug|Any CPU.ActiveCfg = Debug|Any CPU
		{1C14A3C9-95EF-48C9-9704-08F5643BAC46}.Debug|Any CPU.Build.0 = Debug|Any CPU
		{1C14A3C9-95EF-48C9-9704-08F5643BAC46}.Release|Any CPU.ActiveCfg = Release|Any CPU
		{1C14A3C9-95EF-48C9-9704-08F5643BAC46}.Release|Any CPU.Build.0 = Release|Any CPU
		{CA8087B1-050A-415A-9035-ABB5790F5831}.Debug|Any CPU.ActiveCfg = Debug|Any CPU
		{CA8087B1-050A-415A-9035-ABB5790F5831}.Debug|Any CPU.Build.0 = Debug|Any CPU
		{CA8087B1-050A-415A-9035-ABB5790F5831}.Release|Any CPU.ActiveCfg = Release|Any CPU
		{CA8087B1-050A-415A-9035-ABB5790F5831}.Release|Any CPU.Build.0 = Release|Any CPU
		{B11BF68B-D54A-45B5-BFC0-A94A0EA122F2}.Debug|Any CPU.ActiveCfg = Debug|Any CPU
		{B11BF68B-D54A-45B5-BFC0-A94A0EA122F2}.Debug|Any CPU.Build.0 = Debug|Any CPU
		{B11BF68B-D54A-45B5-BFC0-A94A0EA122F2}.Release|Any CPU.ActiveCfg = Release|Any CPU
		{B11BF68B-D54A-45B5-BFC0-A94A0EA122F2}.Release|Any CPU.Build.0 = Release|Any CPU
		{C6FEB950-AFAA-4C60-AA15-5905CDF766C8}.Debug|Any CPU.ActiveCfg = Debug|Any CPU
		{C6FEB950-AFAA-4C60-AA15-5905CDF766C8}.Debug|Any CPU.Build.0 = Debug|Any CPU
		{C6FEB950-AFAA-4C60-AA15-5905CDF766C8}.Release|Any CPU.ActiveCfg = Release|Any CPU
		{C6FEB950-AFAA-4C60-AA15-5905CDF766C8}.Release|Any CPU.Build.0 = Release|Any CPU
		{0A757074-8A9B-4C2C-8869-0E037EE68DB6}.Debug|Any CPU.ActiveCfg = Debug|Any CPU
		{0A757074-8A9B-4C2C-8869-0E037EE68DB6}.Debug|Any CPU.Build.0 = Debug|Any CPU
		{0A757074-8A9B-4C2C-8869-0E037EE68DB6}.Release|Any CPU.ActiveCfg = Release|Any CPU
		{0A757074-8A9B-4C2C-8869-0E037EE68DB6}.Release|Any CPU.Build.0 = Release|Any CPU
	EndGlobalSection
	GlobalSection(SolutionProperties) = preSolution
		HideSolutionNode = FALSE
	EndGlobalSection
EndGlobal
