
Microsoft Visual Studio Solution File, Format Version 12.00
# Visual Studio 15
VisualStudioVersion = 15.0.26124.0
MinimumVisualStudioVersion = 15.0.26124.0
Project("{FAE04EC0-301F-11D3-BF4B-00C04F79EFBC}") = "TheWheel.ETL.Contracts", "TheWheel.ETL.Contracts\TheWheel.ETL.Contracts.csproj", "{E24F7C8E-BE52-4E15-94B1-78034FA1FD5B}"
EndProject
Project("{FAE04EC0-301F-11D3-BF4B-00C04F79EFBC}") = "TheWheel.ETL.Providers", "TheWheel.ETL.Providers\TheWheel.ETL.Providers.csproj", "{64ADCE3E-71F0-4A08-9A56-21E95F090FEB}"
EndProject
Project("{FAE04EC0-301F-11D3-BF4B-00C04F79EFBC}") = "TheWheel.ETL.Tests", "TheWheel.ETL.Tests\TheWheel.ETL.Tests.csproj", "{142F9ECA-3781-40A0-A3D0-2A22B94BC8BD}"
EndProject
Project("{FAE04EC0-301F-11D3-BF4B-00C04F79EFBC}") = "TheWheel.ETL.Fluent", "TheWheel.ETL.Fluent\TheWheel.ETL.Fluent.csproj", "{979FA188-503C-43F6-902D-71B84FF761D7}"
EndProject
Project("{FAE04EC0-301F-11D3-BF4B-00C04F79EFBC}") = "TheWheel.ETL.ControlFlow", "TheWheel.ETL.ControlFlow\TheWheel.ETL.ControlFlow.csproj", "{BE38608F-ACDF-490B-97D8-EB478876F25F}"
EndProject
Project("{FAE04EC0-301F-11D3-BF4B-00C04F79EFBC}") = "TheWheel.ETL", "TheWheel.ETL\TheWheel.ETL.csproj", "{E54E6C22-4D3C-47BA-A878-302D22155630}"
EndProject
Project("{FAE04EC0-301F-11D3-BF4B-00C04F79EFBC}") = "TheWheel.ETL.Parlot", "TheWheel.ETL.Parlot\TheWheel.ETL.Parlot.csproj", "{0989A7BD-A96D-429F-BCE4-093B7FCCC633}"
EndProject
Project("{FAE04EC0-301F-11D3-BF4B-00C04F79EFBC}") = "TheWheel.ETL.Owin", "TheWheel.ETL.Owin\TheWheel.ETL.Owin.csproj", "{F5455E0A-83A3-430C-B761-CD37AE2E5178}"
EndProject
Project("{FAE04EC0-301F-11D3-BF4B-00C04F79EFBC}") = "TheWheel.ETL.DacPac", "TheWheel.ETL.DacPac\TheWheel.ETL.DacPac.csproj", "{B626E2C4-9A4C-437D-BE55-1248B09D5A77}"
EndProject
Project("{FAE04EC0-301F-11D3-BF4B-00C04F79EFBC}") = "TheWheel.ETL.Snow", "TheWheel.ETL.Snow\TheWheel.ETL.Snow.csproj", "{F9D576C7-D1D8-4CD9-B4C5-DB16D8B1D5D9}"
EndProject
Project("{FAE04EC0-301F-11D3-BF4B-00C04F79EFBC}") = "TheWheel.ETL.Jira", "TheWheel.ETL.Jira\TheWheel.ETL.Jira.csproj", "{C92F6F5F-D9EF-4980-8685-9583D9CDC64E}"
EndProject
Project("{FAE04EC0-301F-11D3-BF4B-00C04F79EFBC}") = "TheWheel.ETL.CyberArk", "TheWheel.ETL.CyberArk\TheWheel.ETL.CyberArk.csproj", "{EC28CD22-A855-4DE2-B50D-459637340DF0}"
EndProject
Project("{FAE04EC0-301F-11D3-BF4B-00C04F79EFBC}") = "TheWheel.ETL.Provider.Mail", "TheWheel.ETL.Provider.Mail\TheWheel.ETL.Provider.Mail.csproj", "{DE1C6796-A13F-491E-955F-F9EF791A31CE}"
EndProject
Project("{FAE04EC0-301F-11D3-BF4B-00C04F79EFBC}") = "TheWheel.ETL.Provider.Ldap", "TheWheel.ETL.Provider.Ldap\TheWheel.ETL.Provider.Ldap.csproj", "{942F8B21-5724-400A-9DE5-4B33C96B98FE}"
EndProject
Global
	GlobalSection(SolutionConfigurationPlatforms) = preSolution
		Debug|Any CPU = Debug|Any CPU
		Debug|x64 = Debug|x64
		Debug|x86 = Debug|x86
		Release|Any CPU = Release|Any CPU
		Release|x64 = Release|x64
		Release|x86 = Release|x86
	EndGlobalSection
	GlobalSection(SolutionProperties) = preSolution
		HideSolutionNode = FALSE
	EndGlobalSection
	GlobalSection(ProjectConfigurationPlatforms) = postSolution
		{E24F7C8E-BE52-4E15-94B1-78034FA1FD5B}.Debug|Any CPU.ActiveCfg = Debug|Any CPU
		{E24F7C8E-BE52-4E15-94B1-78034FA1FD5B}.Debug|Any CPU.Build.0 = Debug|Any CPU
		{E24F7C8E-BE52-4E15-94B1-78034FA1FD5B}.Debug|x64.ActiveCfg = Debug|Any CPU
		{E24F7C8E-BE52-4E15-94B1-78034FA1FD5B}.Debug|x64.Build.0 = Debug|Any CPU
		{E24F7C8E-BE52-4E15-94B1-78034FA1FD5B}.Debug|x86.ActiveCfg = Debug|Any CPU
		{E24F7C8E-BE52-4E15-94B1-78034FA1FD5B}.Debug|x86.Build.0 = Debug|Any CPU
		{E24F7C8E-BE52-4E15-94B1-78034FA1FD5B}.Release|Any CPU.ActiveCfg = Release|Any CPU
		{E24F7C8E-BE52-4E15-94B1-78034FA1FD5B}.Release|Any CPU.Build.0 = Release|Any CPU
		{E24F7C8E-BE52-4E15-94B1-78034FA1FD5B}.Release|x64.ActiveCfg = Release|Any CPU
		{E24F7C8E-BE52-4E15-94B1-78034FA1FD5B}.Release|x64.Build.0 = Release|Any CPU
		{E24F7C8E-BE52-4E15-94B1-78034FA1FD5B}.Release|x86.ActiveCfg = Release|Any CPU
		{E24F7C8E-BE52-4E15-94B1-78034FA1FD5B}.Release|x86.Build.0 = Release|Any CPU
		{64ADCE3E-71F0-4A08-9A56-21E95F090FEB}.Debug|Any CPU.ActiveCfg = Debug|Any CPU
		{64ADCE3E-71F0-4A08-9A56-21E95F090FEB}.Debug|Any CPU.Build.0 = Debug|Any CPU
		{64ADCE3E-71F0-4A08-9A56-21E95F090FEB}.Debug|x64.ActiveCfg = Debug|Any CPU
		{64ADCE3E-71F0-4A08-9A56-21E95F090FEB}.Debug|x64.Build.0 = Debug|Any CPU
		{64ADCE3E-71F0-4A08-9A56-21E95F090FEB}.Debug|x86.ActiveCfg = Debug|Any CPU
		{64ADCE3E-71F0-4A08-9A56-21E95F090FEB}.Debug|x86.Build.0 = Debug|Any CPU
		{64ADCE3E-71F0-4A08-9A56-21E95F090FEB}.Release|Any CPU.ActiveCfg = Release|Any CPU
		{64ADCE3E-71F0-4A08-9A56-21E95F090FEB}.Release|Any CPU.Build.0 = Release|Any CPU
		{64ADCE3E-71F0-4A08-9A56-21E95F090FEB}.Release|x64.ActiveCfg = Release|Any CPU
		{64ADCE3E-71F0-4A08-9A56-21E95F090FEB}.Release|x64.Build.0 = Release|Any CPU
		{64ADCE3E-71F0-4A08-9A56-21E95F090FEB}.Release|x86.ActiveCfg = Release|Any CPU
		{64ADCE3E-71F0-4A08-9A56-21E95F090FEB}.Release|x86.Build.0 = Release|Any CPU
		{142F9ECA-3781-40A0-A3D0-2A22B94BC8BD}.Debug|Any CPU.ActiveCfg = Debug|Any CPU
		{142F9ECA-3781-40A0-A3D0-2A22B94BC8BD}.Debug|Any CPU.Build.0 = Debug|Any CPU
		{142F9ECA-3781-40A0-A3D0-2A22B94BC8BD}.Debug|x64.ActiveCfg = Debug|Any CPU
		{142F9ECA-3781-40A0-A3D0-2A22B94BC8BD}.Debug|x64.Build.0 = Debug|Any CPU
		{142F9ECA-3781-40A0-A3D0-2A22B94BC8BD}.Debug|x86.ActiveCfg = Debug|Any CPU
		{142F9ECA-3781-40A0-A3D0-2A22B94BC8BD}.Debug|x86.Build.0 = Debug|Any CPU
		{142F9ECA-3781-40A0-A3D0-2A22B94BC8BD}.Release|Any CPU.ActiveCfg = Release|Any CPU
		{142F9ECA-3781-40A0-A3D0-2A22B94BC8BD}.Release|Any CPU.Build.0 = Release|Any CPU
		{142F9ECA-3781-40A0-A3D0-2A22B94BC8BD}.Release|x64.ActiveCfg = Release|Any CPU
		{142F9ECA-3781-40A0-A3D0-2A22B94BC8BD}.Release|x64.Build.0 = Release|Any CPU
		{142F9ECA-3781-40A0-A3D0-2A22B94BC8BD}.Release|x86.ActiveCfg = Release|Any CPU
		{142F9ECA-3781-40A0-A3D0-2A22B94BC8BD}.Release|x86.Build.0 = Release|Any CPU
		{979FA188-503C-43F6-902D-71B84FF761D7}.Debug|Any CPU.ActiveCfg = Debug|Any CPU
		{979FA188-503C-43F6-902D-71B84FF761D7}.Debug|Any CPU.Build.0 = Debug|Any CPU
		{979FA188-503C-43F6-902D-71B84FF761D7}.Debug|x64.ActiveCfg = Debug|Any CPU
		{979FA188-503C-43F6-902D-71B84FF761D7}.Debug|x64.Build.0 = Debug|Any CPU
		{979FA188-503C-43F6-902D-71B84FF761D7}.Debug|x86.ActiveCfg = Debug|Any CPU
		{979FA188-503C-43F6-902D-71B84FF761D7}.Debug|x86.Build.0 = Debug|Any CPU
		{979FA188-503C-43F6-902D-71B84FF761D7}.Release|Any CPU.ActiveCfg = Release|Any CPU
		{979FA188-503C-43F6-902D-71B84FF761D7}.Release|Any CPU.Build.0 = Release|Any CPU
		{979FA188-503C-43F6-902D-71B84FF761D7}.Release|x64.ActiveCfg = Release|Any CPU
		{979FA188-503C-43F6-902D-71B84FF761D7}.Release|x64.Build.0 = Release|Any CPU
		{979FA188-503C-43F6-902D-71B84FF761D7}.Release|x86.ActiveCfg = Release|Any CPU
		{979FA188-503C-43F6-902D-71B84FF761D7}.Release|x86.Build.0 = Release|Any CPU
		{BE38608F-ACDF-490B-97D8-EB478876F25F}.Debug|Any CPU.ActiveCfg = Debug|Any CPU
		{BE38608F-ACDF-490B-97D8-EB478876F25F}.Debug|Any CPU.Build.0 = Debug|Any CPU
		{BE38608F-ACDF-490B-97D8-EB478876F25F}.Debug|x64.ActiveCfg = Debug|Any CPU
		{BE38608F-ACDF-490B-97D8-EB478876F25F}.Debug|x64.Build.0 = Debug|Any CPU
		{BE38608F-ACDF-490B-97D8-EB478876F25F}.Debug|x86.ActiveCfg = Debug|Any CPU
		{BE38608F-ACDF-490B-97D8-EB478876F25F}.Debug|x86.Build.0 = Debug|Any CPU
		{BE38608F-ACDF-490B-97D8-EB478876F25F}.Release|Any CPU.ActiveCfg = Release|Any CPU
		{BE38608F-ACDF-490B-97D8-EB478876F25F}.Release|Any CPU.Build.0 = Release|Any CPU
		{BE38608F-ACDF-490B-97D8-EB478876F25F}.Release|x64.ActiveCfg = Release|Any CPU
		{BE38608F-ACDF-490B-97D8-EB478876F25F}.Release|x64.Build.0 = Release|Any CPU
		{BE38608F-ACDF-490B-97D8-EB478876F25F}.Release|x86.ActiveCfg = Release|Any CPU
		{BE38608F-ACDF-490B-97D8-EB478876F25F}.Release|x86.Build.0 = Release|Any CPU
		{E54E6C22-4D3C-47BA-A878-302D22155630}.Debug|Any CPU.ActiveCfg = Debug|Any CPU
		{E54E6C22-4D3C-47BA-A878-302D22155630}.Debug|Any CPU.Build.0 = Debug|Any CPU
		{E54E6C22-4D3C-47BA-A878-302D22155630}.Debug|x64.ActiveCfg = Debug|Any CPU
		{E54E6C22-4D3C-47BA-A878-302D22155630}.Debug|x64.Build.0 = Debug|Any CPU
		{E54E6C22-4D3C-47BA-A878-302D22155630}.Debug|x86.ActiveCfg = Debug|Any CPU
		{E54E6C22-4D3C-47BA-A878-302D22155630}.Debug|x86.Build.0 = Debug|Any CPU
		{E54E6C22-4D3C-47BA-A878-302D22155630}.Release|Any CPU.ActiveCfg = Release|Any CPU
		{E54E6C22-4D3C-47BA-A878-302D22155630}.Release|Any CPU.Build.0 = Release|Any CPU
		{E54E6C22-4D3C-47BA-A878-302D22155630}.Release|x64.ActiveCfg = Release|Any CPU
		{E54E6C22-4D3C-47BA-A878-302D22155630}.Release|x64.Build.0 = Release|Any CPU
		{E54E6C22-4D3C-47BA-A878-302D22155630}.Release|x86.ActiveCfg = Release|Any CPU
		{E54E6C22-4D3C-47BA-A878-302D22155630}.Release|x86.Build.0 = Release|Any CPU
		{0989A7BD-A96D-429F-BCE4-093B7FCCC633}.Debug|Any CPU.ActiveCfg = Debug|Any CPU
		{0989A7BD-A96D-429F-BCE4-093B7FCCC633}.Debug|Any CPU.Build.0 = Debug|Any CPU
		{0989A7BD-A96D-429F-BCE4-093B7FCCC633}.Debug|x64.ActiveCfg = Debug|Any CPU
		{0989A7BD-A96D-429F-BCE4-093B7FCCC633}.Debug|x64.Build.0 = Debug|Any CPU
		{0989A7BD-A96D-429F-BCE4-093B7FCCC633}.Debug|x86.ActiveCfg = Debug|Any CPU
		{0989A7BD-A96D-429F-BCE4-093B7FCCC633}.Debug|x86.Build.0 = Debug|Any CPU
		{0989A7BD-A96D-429F-BCE4-093B7FCCC633}.Release|Any CPU.ActiveCfg = Release|Any CPU
		{0989A7BD-A96D-429F-BCE4-093B7FCCC633}.Release|Any CPU.Build.0 = Release|Any CPU
		{0989A7BD-A96D-429F-BCE4-093B7FCCC633}.Release|x64.ActiveCfg = Release|Any CPU
		{0989A7BD-A96D-429F-BCE4-093B7FCCC633}.Release|x64.Build.0 = Release|Any CPU
		{0989A7BD-A96D-429F-BCE4-093B7FCCC633}.Release|x86.ActiveCfg = Release|Any CPU
		{0989A7BD-A96D-429F-BCE4-093B7FCCC633}.Release|x86.Build.0 = Release|Any CPU
		{F5455E0A-83A3-430C-B761-CD37AE2E5178}.Debug|Any CPU.ActiveCfg = Debug|Any CPU
		{F5455E0A-83A3-430C-B761-CD37AE2E5178}.Debug|Any CPU.Build.0 = Debug|Any CPU
		{F5455E0A-83A3-430C-B761-CD37AE2E5178}.Debug|x64.ActiveCfg = Debug|Any CPU
		{F5455E0A-83A3-430C-B761-CD37AE2E5178}.Debug|x64.Build.0 = Debug|Any CPU
		{F5455E0A-83A3-430C-B761-CD37AE2E5178}.Debug|x86.ActiveCfg = Debug|Any CPU
		{F5455E0A-83A3-430C-B761-CD37AE2E5178}.Debug|x86.Build.0 = Debug|Any CPU
		{F5455E0A-83A3-430C-B761-CD37AE2E5178}.Release|Any CPU.ActiveCfg = Release|Any CPU
		{F5455E0A-83A3-430C-B761-CD37AE2E5178}.Release|Any CPU.Build.0 = Release|Any CPU
		{F5455E0A-83A3-430C-B761-CD37AE2E5178}.Release|x64.ActiveCfg = Release|Any CPU
		{F5455E0A-83A3-430C-B761-CD37AE2E5178}.Release|x64.Build.0 = Release|Any CPU
		{F5455E0A-83A3-430C-B761-CD37AE2E5178}.Release|x86.ActiveCfg = Release|Any CPU
		{F5455E0A-83A3-430C-B761-CD37AE2E5178}.Release|x86.Build.0 = Release|Any CPU
		{BE61C62A-56C6-4113-9652-92013C26AE7C}.Debug|Any CPU.ActiveCfg = Debug|Any CPU
		{BE61C62A-56C6-4113-9652-92013C26AE7C}.Debug|Any CPU.Build.0 = Debug|Any CPU
		{BE61C62A-56C6-4113-9652-92013C26AE7C}.Debug|x64.ActiveCfg = Debug|Any CPU
		{BE61C62A-56C6-4113-9652-92013C26AE7C}.Debug|x64.Build.0 = Debug|Any CPU
		{BE61C62A-56C6-4113-9652-92013C26AE7C}.Debug|x86.ActiveCfg = Debug|Any CPU
		{BE61C62A-56C6-4113-9652-92013C26AE7C}.Debug|x86.Build.0 = Debug|Any CPU
		{BE61C62A-56C6-4113-9652-92013C26AE7C}.Release|Any CPU.ActiveCfg = Release|Any CPU
		{BE61C62A-56C6-4113-9652-92013C26AE7C}.Release|Any CPU.Build.0 = Release|Any CPU
		{BE61C62A-56C6-4113-9652-92013C26AE7C}.Release|x64.ActiveCfg = Release|Any CPU
		{BE61C62A-56C6-4113-9652-92013C26AE7C}.Release|x64.Build.0 = Release|Any CPU
		{BE61C62A-56C6-4113-9652-92013C26AE7C}.Release|x86.ActiveCfg = Release|Any CPU
		{BE61C62A-56C6-4113-9652-92013C26AE7C}.Release|x86.Build.0 = Release|Any CPU
		{B626E2C4-9A4C-437D-BE55-1248B09D5A77}.Debug|Any CPU.ActiveCfg = Debug|Any CPU
		{B626E2C4-9A4C-437D-BE55-1248B09D5A77}.Debug|Any CPU.Build.0 = Debug|Any CPU
		{B626E2C4-9A4C-437D-BE55-1248B09D5A77}.Debug|x64.ActiveCfg = Debug|Any CPU
		{B626E2C4-9A4C-437D-BE55-1248B09D5A77}.Debug|x64.Build.0 = Debug|Any CPU
		{B626E2C4-9A4C-437D-BE55-1248B09D5A77}.Debug|x86.ActiveCfg = Debug|Any CPU
		{B626E2C4-9A4C-437D-BE55-1248B09D5A77}.Debug|x86.Build.0 = Debug|Any CPU
		{B626E2C4-9A4C-437D-BE55-1248B09D5A77}.Release|Any CPU.ActiveCfg = Release|Any CPU
		{B626E2C4-9A4C-437D-BE55-1248B09D5A77}.Release|Any CPU.Build.0 = Release|Any CPU
		{B626E2C4-9A4C-437D-BE55-1248B09D5A77}.Release|x64.ActiveCfg = Release|Any CPU
		{B626E2C4-9A4C-437D-BE55-1248B09D5A77}.Release|x64.Build.0 = Release|Any CPU
		{B626E2C4-9A4C-437D-BE55-1248B09D5A77}.Release|x86.ActiveCfg = Release|Any CPU
		{B626E2C4-9A4C-437D-BE55-1248B09D5A77}.Release|x86.Build.0 = Release|Any CPU
		{F9D576C7-D1D8-4CD9-B4C5-DB16D8B1D5D9}.Debug|Any CPU.ActiveCfg = Debug|Any CPU
		{F9D576C7-D1D8-4CD9-B4C5-DB16D8B1D5D9}.Debug|Any CPU.Build.0 = Debug|Any CPU
		{F9D576C7-D1D8-4CD9-B4C5-DB16D8B1D5D9}.Debug|x64.ActiveCfg = Debug|Any CPU
		{F9D576C7-D1D8-4CD9-B4C5-DB16D8B1D5D9}.Debug|x64.Build.0 = Debug|Any CPU
		{F9D576C7-D1D8-4CD9-B4C5-DB16D8B1D5D9}.Debug|x86.ActiveCfg = Debug|Any CPU
		{F9D576C7-D1D8-4CD9-B4C5-DB16D8B1D5D9}.Debug|x86.Build.0 = Debug|Any CPU
		{F9D576C7-D1D8-4CD9-B4C5-DB16D8B1D5D9}.Release|Any CPU.ActiveCfg = Release|Any CPU
		{F9D576C7-D1D8-4CD9-B4C5-DB16D8B1D5D9}.Release|Any CPU.Build.0 = Release|Any CPU
		{F9D576C7-D1D8-4CD9-B4C5-DB16D8B1D5D9}.Release|x64.ActiveCfg = Release|Any CPU
		{F9D576C7-D1D8-4CD9-B4C5-DB16D8B1D5D9}.Release|x64.Build.0 = Release|Any CPU
		{F9D576C7-D1D8-4CD9-B4C5-DB16D8B1D5D9}.Release|x86.ActiveCfg = Release|Any CPU
		{F9D576C7-D1D8-4CD9-B4C5-DB16D8B1D5D9}.Release|x86.Build.0 = Release|Any CPU
		{C92F6F5F-D9EF-4980-8685-9583D9CDC64E}.Debug|Any CPU.ActiveCfg = Debug|Any CPU
		{C92F6F5F-D9EF-4980-8685-9583D9CDC64E}.Debug|Any CPU.Build.0 = Debug|Any CPU
		{C92F6F5F-D9EF-4980-8685-9583D9CDC64E}.Debug|x64.ActiveCfg = Debug|Any CPU
		{C92F6F5F-D9EF-4980-8685-9583D9CDC64E}.Debug|x64.Build.0 = Debug|Any CPU
		{C92F6F5F-D9EF-4980-8685-9583D9CDC64E}.Debug|x86.ActiveCfg = Debug|Any CPU
		{C92F6F5F-D9EF-4980-8685-9583D9CDC64E}.Debug|x86.Build.0 = Debug|Any CPU
		{C92F6F5F-D9EF-4980-8685-9583D9CDC64E}.Release|Any CPU.ActiveCfg = Release|Any CPU
		{C92F6F5F-D9EF-4980-8685-9583D9CDC64E}.Release|Any CPU.Build.0 = Release|Any CPU
		{C92F6F5F-D9EF-4980-8685-9583D9CDC64E}.Release|x64.ActiveCfg = Release|Any CPU
		{C92F6F5F-D9EF-4980-8685-9583D9CDC64E}.Release|x64.Build.0 = Release|Any CPU
		{C92F6F5F-D9EF-4980-8685-9583D9CDC64E}.Release|x86.ActiveCfg = Release|Any CPU
		{C92F6F5F-D9EF-4980-8685-9583D9CDC64E}.Release|x86.Build.0 = Release|Any CPU
		{EC28CD22-A855-4DE2-B50D-459637340DF0}.Debug|Any CPU.ActiveCfg = Debug|Any CPU
		{EC28CD22-A855-4DE2-B50D-459637340DF0}.Debug|Any CPU.Build.0 = Debug|Any CPU
		{EC28CD22-A855-4DE2-B50D-459637340DF0}.Debug|x64.ActiveCfg = Debug|Any CPU
		{EC28CD22-A855-4DE2-B50D-459637340DF0}.Debug|x64.Build.0 = Debug|Any CPU
		{EC28CD22-A855-4DE2-B50D-459637340DF0}.Debug|x86.ActiveCfg = Debug|Any CPU
		{EC28CD22-A855-4DE2-B50D-459637340DF0}.Debug|x86.Build.0 = Debug|Any CPU
		{EC28CD22-A855-4DE2-B50D-459637340DF0}.Release|Any CPU.ActiveCfg = Release|Any CPU
		{EC28CD22-A855-4DE2-B50D-459637340DF0}.Release|Any CPU.Build.0 = Release|Any CPU
		{EC28CD22-A855-4DE2-B50D-459637340DF0}.Release|x64.ActiveCfg = Release|Any CPU
		{EC28CD22-A855-4DE2-B50D-459637340DF0}.Release|x64.Build.0 = Release|Any CPU
		{EC28CD22-A855-4DE2-B50D-459637340DF0}.Release|x86.ActiveCfg = Release|Any CPU
		{EC28CD22-A855-4DE2-B50D-459637340DF0}.Release|x86.Build.0 = Release|Any CPU
		{DE1C6796-A13F-491E-955F-F9EF791A31CE}.Debug|Any CPU.ActiveCfg = Debug|Any CPU
		{DE1C6796-A13F-491E-955F-F9EF791A31CE}.Debug|Any CPU.Build.0 = Debug|Any CPU
		{DE1C6796-A13F-491E-955F-F9EF791A31CE}.Debug|x64.ActiveCfg = Debug|Any CPU
		{DE1C6796-A13F-491E-955F-F9EF791A31CE}.Debug|x64.Build.0 = Debug|Any CPU
		{DE1C6796-A13F-491E-955F-F9EF791A31CE}.Debug|x86.ActiveCfg = Debug|Any CPU
		{DE1C6796-A13F-491E-955F-F9EF791A31CE}.Debug|x86.Build.0 = Debug|Any CPU
		{DE1C6796-A13F-491E-955F-F9EF791A31CE}.Release|Any CPU.ActiveCfg = Release|Any CPU
		{DE1C6796-A13F-491E-955F-F9EF791A31CE}.Release|Any CPU.Build.0 = Release|Any CPU
		{DE1C6796-A13F-491E-955F-F9EF791A31CE}.Release|x64.ActiveCfg = Release|Any CPU
		{DE1C6796-A13F-491E-955F-F9EF791A31CE}.Release|x64.Build.0 = Release|Any CPU
		{DE1C6796-A13F-491E-955F-F9EF791A31CE}.Release|x86.ActiveCfg = Release|Any CPU
		{DE1C6796-A13F-491E-955F-F9EF791A31CE}.Release|x86.Build.0 = Release|Any CPU
		{942F8B21-5724-400A-9DE5-4B33C96B98FE}.Debug|Any CPU.ActiveCfg = Debug|Any CPU
		{942F8B21-5724-400A-9DE5-4B33C96B98FE}.Debug|Any CPU.Build.0 = Debug|Any CPU
		{942F8B21-5724-400A-9DE5-4B33C96B98FE}.Debug|x64.ActiveCfg = Debug|Any CPU
		{942F8B21-5724-400A-9DE5-4B33C96B98FE}.Debug|x64.Build.0 = Debug|Any CPU
		{942F8B21-5724-400A-9DE5-4B33C96B98FE}.Debug|x86.ActiveCfg = Debug|Any CPU
		{942F8B21-5724-400A-9DE5-4B33C96B98FE}.Debug|x86.Build.0 = Debug|Any CPU
		{942F8B21-5724-400A-9DE5-4B33C96B98FE}.Release|Any CPU.ActiveCfg = Release|Any CPU
		{942F8B21-5724-400A-9DE5-4B33C96B98FE}.Release|Any CPU.Build.0 = Release|Any CPU
		{942F8B21-5724-400A-9DE5-4B33C96B98FE}.Release|x64.ActiveCfg = Release|Any CPU
		{942F8B21-5724-400A-9DE5-4B33C96B98FE}.Release|x64.Build.0 = Release|Any CPU
		{942F8B21-5724-400A-9DE5-4B33C96B98FE}.Release|x86.ActiveCfg = Release|Any CPU
		{942F8B21-5724-400A-9DE5-4B33C96B98FE}.Release|x86.Build.0 = Release|Any CPU
	EndGlobalSection
EndGlobal
