
Microsoft Visual Studio Solution File, Format Version 12.00
# Visual Studio 14
VisualStudioVersion = 14.0.22823.1
MinimumVisualStudioVersion = 10.0.40219.1
Project("{FAE04EC0-301F-11D3-BF4B-00C04F79EFBC}") = "TheWheel.OpenXml", "TheWheel.OpenXml\TheWheel.OpenXml.csproj", "{1C14A3C9-95EF-48C9-9704-08F5643BAC46}"
EndProject
Project("{FAE04EC0-301F-11D3-BF4B-00C04F79EFBC}") = "TheWheel.Domain", "TheWheel.Domain\TheWheel.Domain.csproj", "{CA8087B1-050A-415A-9035-ABB5790F5831}"
EndProject
Project("{FAE04EC0-301F-11D3-BF4B-00C04F79EFBC}") = "TheWheel.Lambda", "TheWeel.Lambda\TheWheel.Lambda.csproj", "{B11BF68B-D54A-45B5-BFC0-A94A0EA122F2}"
EndProject
Project("{FAE04EC0-301F-11D3-BF4B-00C04F79EFBC}") = "TheWheel.Services", "TheWheel.Services\TheWheel.Services.csproj", "{C6FEB950-AFAA-4C60-AA15-5905CDF766C8}"
EndProject
Project("{FAE04EC0-301F-11D3-BF4B-00C04F79EFBC}") = "TheWheel.Tests", "TheWheel.Tests\TheWheel.Tests.csproj", "{0A757074-8A9B-4C2C-8869-0E037EE68DB6}"
EndProject
Project("{FAE04EC0-301F-11D3-BF4B-00C04F79EFBC}") = "TheWheel.WebApi", "TheWheel.WebApi\TheWheel.WebApi.csproj", "{1D20E2F8-181D-4C30-84C8-7E03001C178E}"
EndProject
Project("{FAE04EC0-301F-11D3-BF4B-00C04F79EFBC}") = "TheWheel.Dto", "TheWheel.Dto\TheWheel.Dto.csproj", "{8BD3E6C5-3DD1-43E0-830C-E096CCAFF1E6}"
EndProject
Project("{FAE04EC0-301F-11D3-BF4B-00C04F79EFBC}") = "TheWheel.OpenXml.WebApi", "TheWheel.OpenXml.WebApi\TheWheel.OpenXml.WebApi.csproj", "{6648DD53-3D61-4065-99BC-7FE6F5FFA304}"
EndProject
Project("{FAE04EC0-301F-11D3-BF4B-00C04F79EFBC}") = "TheWheel.ServiceBus", "TheWheel.ServiceBus\TheWheel.ServiceBus.csproj", "{51A81B47-291E-4FE4-BB3E-F5E26FCB3056}"
EndProject
Project("{FAE04EC0-301F-11D3-BF4B-00C04F79EFBC}") = "TheWheel.Mail", "TheWheel.Mail\TheWheel.Mail.csproj", "{1665945B-D61A-4AA0-833D-B32ECD09F830}"
EndProject
Global
	GlobalSection(SolutionConfigurationPlatforms) = preSolution
		Debug|Any CPU = Debug|Any CPU
		Debug|ARM = Debug|ARM
		Debug|x64 = Debug|x64
		Debug|x86 = Debug|x86
		Release|Any CPU = Release|Any CPU
		Release|ARM = Release|ARM
		Release|x64 = Release|x64
		Release|x86 = Release|x86
	EndGlobalSection
	GlobalSection(ProjectConfigurationPlatforms) = postSolution
		{1C14A3C9-95EF-48C9-9704-08F5643BAC46}.Debug|Any CPU.ActiveCfg = Debug|Any CPU
		{1C14A3C9-95EF-48C9-9704-08F5643BAC46}.Debug|Any CPU.Build.0 = Debug|Any CPU
		{1C14A3C9-95EF-48C9-9704-08F5643BAC46}.Debug|ARM.ActiveCfg = Debug|Any CPU
		{1C14A3C9-95EF-48C9-9704-08F5643BAC46}.Debug|ARM.Build.0 = Debug|Any CPU
		{1C14A3C9-95EF-48C9-9704-08F5643BAC46}.Debug|x64.ActiveCfg = Debug|Any CPU
		{1C14A3C9-95EF-48C9-9704-08F5643BAC46}.Debug|x64.Build.0 = Debug|Any CPU
		{1C14A3C9-95EF-48C9-9704-08F5643BAC46}.Debug|x86.ActiveCfg = Debug|Any CPU
		{1C14A3C9-95EF-48C9-9704-08F5643BAC46}.Debug|x86.Build.0 = Debug|Any CPU
		{1C14A3C9-95EF-48C9-9704-08F5643BAC46}.Release|Any CPU.ActiveCfg = Release|Any CPU
		{1C14A3C9-95EF-48C9-9704-08F5643BAC46}.Release|Any CPU.Build.0 = Release|Any CPU
		{1C14A3C9-95EF-48C9-9704-08F5643BAC46}.Release|ARM.ActiveCfg = Release|Any CPU
		{1C14A3C9-95EF-48C9-9704-08F5643BAC46}.Release|ARM.Build.0 = Release|Any CPU
		{1C14A3C9-95EF-48C9-9704-08F5643BAC46}.Release|x64.ActiveCfg = Release|Any CPU
		{1C14A3C9-95EF-48C9-9704-08F5643BAC46}.Release|x64.Build.0 = Release|Any CPU
		{1C14A3C9-95EF-48C9-9704-08F5643BAC46}.Release|x86.ActiveCfg = Release|Any CPU
		{1C14A3C9-95EF-48C9-9704-08F5643BAC46}.Release|x86.Build.0 = Release|Any CPU
		{CA8087B1-050A-415A-9035-ABB5790F5831}.Debug|Any CPU.ActiveCfg = Debug|Any CPU
		{CA8087B1-050A-415A-9035-ABB5790F5831}.Debug|Any CPU.Build.0 = Debug|Any CPU
		{CA8087B1-050A-415A-9035-ABB5790F5831}.Debug|ARM.ActiveCfg = Debug|Any CPU
		{CA8087B1-050A-415A-9035-ABB5790F5831}.Debug|ARM.Build.0 = Debug|Any CPU
		{CA8087B1-050A-415A-9035-ABB5790F5831}.Debug|x64.ActiveCfg = Debug|Any CPU
		{CA8087B1-050A-415A-9035-ABB5790F5831}.Debug|x64.Build.0 = Debug|Any CPU
		{CA8087B1-050A-415A-9035-ABB5790F5831}.Debug|x86.ActiveCfg = Debug|Any CPU
		{CA8087B1-050A-415A-9035-ABB5790F5831}.Debug|x86.Build.0 = Debug|Any CPU
		{CA8087B1-050A-415A-9035-ABB5790F5831}.Release|Any CPU.ActiveCfg = Release|Any CPU
		{CA8087B1-050A-415A-9035-ABB5790F5831}.Release|Any CPU.Build.0 = Release|Any CPU
		{CA8087B1-050A-415A-9035-ABB5790F5831}.Release|ARM.ActiveCfg = Release|Any CPU
		{CA8087B1-050A-415A-9035-ABB5790F5831}.Release|ARM.Build.0 = Release|Any CPU
		{CA8087B1-050A-415A-9035-ABB5790F5831}.Release|x64.ActiveCfg = Release|Any CPU
		{CA8087B1-050A-415A-9035-ABB5790F5831}.Release|x64.Build.0 = Release|Any CPU
		{CA8087B1-050A-415A-9035-ABB5790F5831}.Release|x86.ActiveCfg = Release|Any CPU
		{CA8087B1-050A-415A-9035-ABB5790F5831}.Release|x86.Build.0 = Release|Any CPU
		{B11BF68B-D54A-45B5-BFC0-A94A0EA122F2}.Debug|Any CPU.ActiveCfg = Debug|Any CPU
		{B11BF68B-D54A-45B5-BFC0-A94A0EA122F2}.Debug|Any CPU.Build.0 = Debug|Any CPU
		{B11BF68B-D54A-45B5-BFC0-A94A0EA122F2}.Debug|ARM.ActiveCfg = Debug|Any CPU
		{B11BF68B-D54A-45B5-BFC0-A94A0EA122F2}.Debug|ARM.Build.0 = Debug|Any CPU
		{B11BF68B-D54A-45B5-BFC0-A94A0EA122F2}.Debug|x64.ActiveCfg = Debug|Any CPU
		{B11BF68B-D54A-45B5-BFC0-A94A0EA122F2}.Debug|x64.Build.0 = Debug|Any CPU
		{B11BF68B-D54A-45B5-BFC0-A94A0EA122F2}.Debug|x86.ActiveCfg = Debug|Any CPU
		{B11BF68B-D54A-45B5-BFC0-A94A0EA122F2}.Debug|x86.Build.0 = Debug|Any CPU
		{B11BF68B-D54A-45B5-BFC0-A94A0EA122F2}.Release|Any CPU.ActiveCfg = Release|Any CPU
		{B11BF68B-D54A-45B5-BFC0-A94A0EA122F2}.Release|Any CPU.Build.0 = Release|Any CPU
		{B11BF68B-D54A-45B5-BFC0-A94A0EA122F2}.Release|ARM.ActiveCfg = Release|Any CPU
		{B11BF68B-D54A-45B5-BFC0-A94A0EA122F2}.Release|ARM.Build.0 = Release|Any CPU
		{B11BF68B-D54A-45B5-BFC0-A94A0EA122F2}.Release|x64.ActiveCfg = Release|Any CPU
		{B11BF68B-D54A-45B5-BFC0-A94A0EA122F2}.Release|x64.Build.0 = Release|Any CPU
		{B11BF68B-D54A-45B5-BFC0-A94A0EA122F2}.Release|x86.ActiveCfg = Release|Any CPU
		{B11BF68B-D54A-45B5-BFC0-A94A0EA122F2}.Release|x86.Build.0 = Release|Any CPU
		{C6FEB950-AFAA-4C60-AA15-5905CDF766C8}.Debug|Any CPU.ActiveCfg = Debug|Any CPU
		{C6FEB950-AFAA-4C60-AA15-5905CDF766C8}.Debug|Any CPU.Build.0 = Debug|Any CPU
		{C6FEB950-AFAA-4C60-AA15-5905CDF766C8}.Debug|ARM.ActiveCfg = Debug|Any CPU
		{C6FEB950-AFAA-4C60-AA15-5905CDF766C8}.Debug|ARM.Build.0 = Debug|Any CPU
		{C6FEB950-AFAA-4C60-AA15-5905CDF766C8}.Debug|x64.ActiveCfg = Debug|Any CPU
		{C6FEB950-AFAA-4C60-AA15-5905CDF766C8}.Debug|x64.Build.0 = Debug|Any CPU
		{C6FEB950-AFAA-4C60-AA15-5905CDF766C8}.Debug|x86.ActiveCfg = Debug|Any CPU
		{C6FEB950-AFAA-4C60-AA15-5905CDF766C8}.Debug|x86.Build.0 = Debug|Any CPU
		{C6FEB950-AFAA-4C60-AA15-5905CDF766C8}.Release|Any CPU.ActiveCfg = Release|Any CPU
		{C6FEB950-AFAA-4C60-AA15-5905CDF766C8}.Release|Any CPU.Build.0 = Release|Any CPU
		{C6FEB950-AFAA-4C60-AA15-5905CDF766C8}.Release|ARM.ActiveCfg = Release|Any CPU
		{C6FEB950-AFAA-4C60-AA15-5905CDF766C8}.Release|ARM.Build.0 = Release|Any CPU
		{C6FEB950-AFAA-4C60-AA15-5905CDF766C8}.Release|x64.ActiveCfg = Release|Any CPU
		{C6FEB950-AFAA-4C60-AA15-5905CDF766C8}.Release|x64.Build.0 = Release|Any CPU
		{C6FEB950-AFAA-4C60-AA15-5905CDF766C8}.Release|x86.ActiveCfg = Release|Any CPU
		{C6FEB950-AFAA-4C60-AA15-5905CDF766C8}.Release|x86.Build.0 = Release|Any CPU
		{0A757074-8A9B-4C2C-8869-0E037EE68DB6}.Debug|Any CPU.ActiveCfg = Debug|Any CPU
		{0A757074-8A9B-4C2C-8869-0E037EE68DB6}.Debug|Any CPU.Build.0 = Debug|Any CPU
		{0A757074-8A9B-4C2C-8869-0E037EE68DB6}.Debug|ARM.ActiveCfg = Debug|Any CPU
		{0A757074-8A9B-4C2C-8869-0E037EE68DB6}.Debug|ARM.Build.0 = Debug|Any CPU
		{0A757074-8A9B-4C2C-8869-0E037EE68DB6}.Debug|x64.ActiveCfg = Debug|Any CPU
		{0A757074-8A9B-4C2C-8869-0E037EE68DB6}.Debug|x64.Build.0 = Debug|Any CPU
		{0A757074-8A9B-4C2C-8869-0E037EE68DB6}.Debug|x86.ActiveCfg = Debug|Any CPU
		{0A757074-8A9B-4C2C-8869-0E037EE68DB6}.Debug|x86.Build.0 = Debug|Any CPU
		{0A757074-8A9B-4C2C-8869-0E037EE68DB6}.Release|Any CPU.ActiveCfg = Release|Any CPU
		{0A757074-8A9B-4C2C-8869-0E037EE68DB6}.Release|Any CPU.Build.0 = Release|Any CPU
		{0A757074-8A9B-4C2C-8869-0E037EE68DB6}.Release|ARM.ActiveCfg = Release|Any CPU
		{0A757074-8A9B-4C2C-8869-0E037EE68DB6}.Release|ARM.Build.0 = Release|Any CPU
		{0A757074-8A9B-4C2C-8869-0E037EE68DB6}.Release|x64.ActiveCfg = Release|Any CPU
		{0A757074-8A9B-4C2C-8869-0E037EE68DB6}.Release|x64.Build.0 = Release|Any CPU
		{0A757074-8A9B-4C2C-8869-0E037EE68DB6}.Release|x86.ActiveCfg = Release|Any CPU
		{0A757074-8A9B-4C2C-8869-0E037EE68DB6}.Release|x86.Build.0 = Release|Any CPU
		{1D20E2F8-181D-4C30-84C8-7E03001C178E}.Debug|Any CPU.ActiveCfg = Debug|Any CPU
		{1D20E2F8-181D-4C30-84C8-7E03001C178E}.Debug|Any CPU.Build.0 = Debug|Any CPU
		{1D20E2F8-181D-4C30-84C8-7E03001C178E}.Debug|ARM.ActiveCfg = Debug|Any CPU
		{1D20E2F8-181D-4C30-84C8-7E03001C178E}.Debug|ARM.Build.0 = Debug|Any CPU
		{1D20E2F8-181D-4C30-84C8-7E03001C178E}.Debug|x64.ActiveCfg = Debug|Any CPU
		{1D20E2F8-181D-4C30-84C8-7E03001C178E}.Debug|x64.Build.0 = Debug|Any CPU
		{1D20E2F8-181D-4C30-84C8-7E03001C178E}.Debug|x86.ActiveCfg = Debug|Any CPU
		{1D20E2F8-181D-4C30-84C8-7E03001C178E}.Debug|x86.Build.0 = Debug|Any CPU
		{1D20E2F8-181D-4C30-84C8-7E03001C178E}.Release|Any CPU.ActiveCfg = Release|Any CPU
		{1D20E2F8-181D-4C30-84C8-7E03001C178E}.Release|Any CPU.Build.0 = Release|Any CPU
		{1D20E2F8-181D-4C30-84C8-7E03001C178E}.Release|ARM.ActiveCfg = Release|Any CPU
		{1D20E2F8-181D-4C30-84C8-7E03001C178E}.Release|ARM.Build.0 = Release|Any CPU
		{1D20E2F8-181D-4C30-84C8-7E03001C178E}.Release|x64.ActiveCfg = Release|Any CPU
		{1D20E2F8-181D-4C30-84C8-7E03001C178E}.Release|x64.Build.0 = Release|Any CPU
		{1D20E2F8-181D-4C30-84C8-7E03001C178E}.Release|x86.ActiveCfg = Release|Any CPU
		{1D20E2F8-181D-4C30-84C8-7E03001C178E}.Release|x86.Build.0 = Release|Any CPU
		{8BD3E6C5-3DD1-43E0-830C-E096CCAFF1E6}.Debug|Any CPU.ActiveCfg = Debug|Any CPU
		{8BD3E6C5-3DD1-43E0-830C-E096CCAFF1E6}.Debug|Any CPU.Build.0 = Debug|Any CPU
		{8BD3E6C5-3DD1-43E0-830C-E096CCAFF1E6}.Debug|ARM.ActiveCfg = Debug|Any CPU
		{8BD3E6C5-3DD1-43E0-830C-E096CCAFF1E6}.Debug|ARM.Build.0 = Debug|Any CPU
		{8BD3E6C5-3DD1-43E0-830C-E096CCAFF1E6}.Debug|x64.ActiveCfg = Debug|Any CPU
		{8BD3E6C5-3DD1-43E0-830C-E096CCAFF1E6}.Debug|x64.Build.0 = Debug|Any CPU
		{8BD3E6C5-3DD1-43E0-830C-E096CCAFF1E6}.Debug|x86.ActiveCfg = Debug|Any CPU
		{8BD3E6C5-3DD1-43E0-830C-E096CCAFF1E6}.Debug|x86.Build.0 = Debug|Any CPU
		{8BD3E6C5-3DD1-43E0-830C-E096CCAFF1E6}.Release|Any CPU.ActiveCfg = Release|Any CPU
		{8BD3E6C5-3DD1-43E0-830C-E096CCAFF1E6}.Release|Any CPU.Build.0 = Release|Any CPU
		{8BD3E6C5-3DD1-43E0-830C-E096CCAFF1E6}.Release|ARM.ActiveCfg = Release|Any CPU
		{8BD3E6C5-3DD1-43E0-830C-E096CCAFF1E6}.Release|ARM.Build.0 = Release|Any CPU
		{8BD3E6C5-3DD1-43E0-830C-E096CCAFF1E6}.Release|x64.ActiveCfg = Release|Any CPU
		{8BD3E6C5-3DD1-43E0-830C-E096CCAFF1E6}.Release|x64.Build.0 = Release|Any CPU
		{8BD3E6C5-3DD1-43E0-830C-E096CCAFF1E6}.Release|x86.ActiveCfg = Release|Any CPU
		{8BD3E6C5-3DD1-43E0-830C-E096CCAFF1E6}.Release|x86.Build.0 = Release|Any CPU
		{6648DD53-3D61-4065-99BC-7FE6F5FFA304}.Debug|Any CPU.ActiveCfg = Debug|Any CPU
		{6648DD53-3D61-4065-99BC-7FE6F5FFA304}.Debug|Any CPU.Build.0 = Debug|Any CPU
		{6648DD53-3D61-4065-99BC-7FE6F5FFA304}.Debug|ARM.ActiveCfg = Debug|Any CPU
		{6648DD53-3D61-4065-99BC-7FE6F5FFA304}.Debug|ARM.Build.0 = Debug|Any CPU
		{6648DD53-3D61-4065-99BC-7FE6F5FFA304}.Debug|x64.ActiveCfg = Debug|Any CPU
		{6648DD53-3D61-4065-99BC-7FE6F5FFA304}.Debug|x64.Build.0 = Debug|Any CPU
		{6648DD53-3D61-4065-99BC-7FE6F5FFA304}.Debug|x86.ActiveCfg = Debug|Any CPU
		{6648DD53-3D61-4065-99BC-7FE6F5FFA304}.Debug|x86.Build.0 = Debug|Any CPU
		{6648DD53-3D61-4065-99BC-7FE6F5FFA304}.Release|Any CPU.ActiveCfg = Release|Any CPU
		{6648DD53-3D61-4065-99BC-7FE6F5FFA304}.Release|Any CPU.Build.0 = Release|Any CPU
		{6648DD53-3D61-4065-99BC-7FE6F5FFA304}.Release|ARM.ActiveCfg = Release|Any CPU
		{6648DD53-3D61-4065-99BC-7FE6F5FFA304}.Release|ARM.Build.0 = Release|Any CPU
		{6648DD53-3D61-4065-99BC-7FE6F5FFA304}.Release|x64.ActiveCfg = Release|Any CPU
		{6648DD53-3D61-4065-99BC-7FE6F5FFA304}.Release|x64.Build.0 = Release|Any CPU
		{6648DD53-3D61-4065-99BC-7FE6F5FFA304}.Release|x86.ActiveCfg = Release|Any CPU
		{6648DD53-3D61-4065-99BC-7FE6F5FFA304}.Release|x86.Build.0 = Release|Any CPU
		{51A81B47-291E-4FE4-BB3E-F5E26FCB3056}.Debug|Any CPU.ActiveCfg = Debug|Any CPU
		{51A81B47-291E-4FE4-BB3E-F5E26FCB3056}.Debug|Any CPU.Build.0 = Debug|Any CPU
		{51A81B47-291E-4FE4-BB3E-F5E26FCB3056}.Debug|ARM.ActiveCfg = Debug|Any CPU
		{51A81B47-291E-4FE4-BB3E-F5E26FCB3056}.Debug|ARM.Build.0 = Debug|Any CPU
		{51A81B47-291E-4FE4-BB3E-F5E26FCB3056}.Debug|x64.ActiveCfg = Debug|x64
		{51A81B47-291E-4FE4-BB3E-F5E26FCB3056}.Debug|x64.Build.0 = Debug|x64
		{51A81B47-291E-4FE4-BB3E-F5E26FCB3056}.Debug|x86.ActiveCfg = Debug|x86
		{51A81B47-291E-4FE4-BB3E-F5E26FCB3056}.Debug|x86.Build.0 = Debug|x86
		{51A81B47-291E-4FE4-BB3E-F5E26FCB3056}.Release|Any CPU.ActiveCfg = Release|Any CPU
		{51A81B47-291E-4FE4-BB3E-F5E26FCB3056}.Release|Any CPU.Build.0 = Release|Any CPU
		{51A81B47-291E-4FE4-BB3E-F5E26FCB3056}.Release|ARM.ActiveCfg = Release|Any CPU
		{51A81B47-291E-4FE4-BB3E-F5E26FCB3056}.Release|ARM.Build.0 = Release|Any CPU
		{51A81B47-291E-4FE4-BB3E-F5E26FCB3056}.Release|x64.ActiveCfg = Release|x64
		{51A81B47-291E-4FE4-BB3E-F5E26FCB3056}.Release|x64.Build.0 = Release|x64
		{51A81B47-291E-4FE4-BB3E-F5E26FCB3056}.Release|x86.ActiveCfg = Release|x86
		{51A81B47-291E-4FE4-BB3E-F5E26FCB3056}.Release|x86.Build.0 = Release|x86
		{1665945B-D61A-4AA0-833D-B32ECD09F830}.Debug|Any CPU.ActiveCfg = Debug|Any CPU
		{1665945B-D61A-4AA0-833D-B32ECD09F830}.Debug|Any CPU.Build.0 = Debug|Any CPU
		{1665945B-D61A-4AA0-833D-B32ECD09F830}.Debug|ARM.ActiveCfg = Debug|Any CPU
		{1665945B-D61A-4AA0-833D-B32ECD09F830}.Debug|ARM.Build.0 = Debug|Any CPU
		{1665945B-D61A-4AA0-833D-B32ECD09F830}.Debug|x64.ActiveCfg = Debug|Any CPU
		{1665945B-D61A-4AA0-833D-B32ECD09F830}.Debug|x64.Build.0 = Debug|Any CPU
		{1665945B-D61A-4AA0-833D-B32ECD09F830}.Debug|x86.ActiveCfg = Debug|Any CPU
		{1665945B-D61A-4AA0-833D-B32ECD09F830}.Debug|x86.Build.0 = Debug|Any CPU
		{1665945B-D61A-4AA0-833D-B32ECD09F830}.Release|Any CPU.ActiveCfg = Release|Any CPU
		{1665945B-D61A-4AA0-833D-B32ECD09F830}.Release|Any CPU.Build.0 = Release|Any CPU
		{1665945B-D61A-4AA0-833D-B32ECD09F830}.Release|ARM.ActiveCfg = Release|Any CPU
		{1665945B-D61A-4AA0-833D-B32ECD09F830}.Release|ARM.Build.0 = Release|Any CPU
		{1665945B-D61A-4AA0-833D-B32ECD09F830}.Release|x64.ActiveCfg = Release|Any CPU
		{1665945B-D61A-4AA0-833D-B32ECD09F830}.Release|x64.Build.0 = Release|Any CPU
		{1665945B-D61A-4AA0-833D-B32ECD09F830}.Release|x86.ActiveCfg = Release|Any CPU
		{1665945B-D61A-4AA0-833D-B32ECD09F830}.Release|x86.Build.0 = Release|Any CPU
	EndGlobalSection
	GlobalSection(SolutionProperties) = preSolution
		HideSolutionNode = FALSE
	EndGlobalSection
EndGlobal
